// !$*UTF8*$!
{
	archiveVersion = 1;
	classes = {
	};
	objectVersion = 46;
	objects = {

/* Begin PBXBuildFile section */
		61EFC3AA1A40AFD70002109F /* AppDelegate.swift in Sources */ = {isa = PBXBuildFile; fileRef = 61EFC3A91A40AFD70002109F /* AppDelegate.swift */; };
		61EFC3AC1A40AFD70002109F /* ViewController.swift in Sources */ = {isa = PBXBuildFile; fileRef = 61EFC3AB1A40AFD70002109F /* ViewController.swift */; };
		61EFC3AF1A40AFD70002109F /* Main.storyboard in Resources */ = {isa = PBXBuildFile; fileRef = 61EFC3AD1A40AFD70002109F /* Main.storyboard */; };
		61EFC3B11A40AFD70002109F /* Images.xcassets in Resources */ = {isa = PBXBuildFile; fileRef = 61EFC3B01A40AFD70002109F /* Images.xcassets */; };
		61EFC3B41A40AFD70002109F /* LaunchScreen.xib in Resources */ = {isa = PBXBuildFile; fileRef = 61EFC3B21A40AFD70002109F /* LaunchScreen.xib */; };
		61EFC3C01A40AFD70002109F /* CalcSwiftTests.swift in Sources */ = {isa = PBXBuildFile; fileRef = 61EFC3BF1A40AFD70002109F /* CalcSwiftTests.swift */; };
/* End PBXBuildFile section */

/* Begin PBXContainerItemProxy section */
		61EFC3BA1A40AFD70002109F /* PBXContainerItemProxy */ = {
			isa = PBXContainerItemProxy;
			containerPortal = 61EFC39C1A40AFD70002109F /* Project object */;
			proxyType = 1;
			remoteGlobalIDString = 61EFC3A31A40AFD70002109F;
			remoteInfo = CalcSwift;
		};
/* End PBXContainerItemProxy section */

/* Begin PBXFileReference section */
		61EFC3A41A40AFD70002109F /* CalcSwift.app */ = {isa = PBXFileReference; explicitFileType = wrapper.application; includeInIndex = 0; path = CalcSwift.app; sourceTree = BUILT_PRODUCTS_DIR; };
		61EFC3A81A40AFD70002109F /* Info.plist */ = {isa = PBXFileReference; lastKnownFileType = text.plist.xml; path = Info.plist; sourceTree = "<group>"; };
		61EFC3A91A40AFD70002109F /* AppDelegate.swift */ = {isa = PBXFileReference; lastKnownFileType = sourcecode.swift; path = AppDelegate.swift; sourceTree = "<group>"; };
		61EFC3AB1A40AFD70002109F /* ViewController.swift */ = {isa = PBXFileReference; lastKnownFileType = sourcecode.swift; path = ViewController.swift; sourceTree = "<group>"; };
		61EFC3AE1A40AFD70002109F /* Base */ = {isa = PBXFileReference; lastKnownFileType = file.storyboard; name = Base; path = Base.lproj/Main.storyboard; sourceTree = "<group>"; };
		61EFC3B01A40AFD70002109F /* Images.xcassets */ = {isa = PBXFileReference; lastKnownFileType = folder.assetcatalog; path = Images.xcassets; sourceTree = "<group>"; };
		61EFC3B31A40AFD70002109F /* Base */ = {isa = PBXFileReference; lastKnownFileType = file.xib; name = Base; path = Base.lproj/LaunchScreen.xib; sourceTree = "<group>"; };
		61EFC3B91A40AFD70002109F /* CalcSwiftTests.xctest */ = {isa = PBXFileReference; explicitFileType = wrapper.cfbundle; includeInIndex = 0; path = CalcSwiftTests.xctest; sourceTree = BUILT_PRODUCTS_DIR; };
		61EFC3BE1A40AFD70002109F /* Info.plist */ = {isa = PBXFileReference; lastKnownFileType = text.plist.xml; path = Info.plist; sourceTree = "<group>"; };
		61EFC3BF1A40AFD70002109F /* CalcSwiftTests.swift */ = {isa = PBXFileReference; lastKnownFileType = sourcecode.swift; path = CalcSwiftTests.swift; sourceTree = "<group>"; };
/* End PBXFileReference section */

/* Begin PBXFrameworksBuildPhase section */
		61EFC3A11A40AFD70002109F /* Frameworks */ = {
			isa = PBXFrameworksBuildPhase;
			buildActionMask = 2147483647;
			files = (
			);
			runOnlyForDeploymentPostprocessing = 0;
		};
		61EFC3B61A40AFD70002109F /* Frameworks */ = {
			isa = PBXFrameworksBuildPhase;
			buildActionMask = 2147483647;
			files = (
			);
			runOnlyForDeploymentPostprocessing = 0;
		};
/* End PBXFrameworksBuildPhase section */

/* Begin PBXGroup section */
		61EFC39B1A40AFD70002109F = {
			isa = PBXGroup;
			children = (
				61EFC3A61A40AFD70002109F /* CalcSwift */,
				61EFC3BC1A40AFD70002109F /* CalcSwiftTests */,
				61EFC3A51A40AFD70002109F /* Products */,
			);
			sourceTree = "<group>";
		};
		61EFC3A51A40AFD70002109F /* Products */ = {
			isa = PBXGroup;
			children = (
				61EFC3A41A40AFD70002109F /* CalcSwift.app */,
				61EFC3B91A40AFD70002109F /* CalcSwiftTests.xctest */,
			);
			name = Products;
			sourceTree = "<group>";
		};
		61EFC3A61A40AFD70002109F /* CalcSwift */ = {
			isa = PBXGroup;
			children = (
				61EFC3A91A40AFD70002109F /* AppDelegate.swift */,
				61EFC3AB1A40AFD70002109F /* ViewController.swift */,
				61EFC3AD1A40AFD70002109F /* Main.storyboard */,
				61EFC3B01A40AFD70002109F /* Images.xcassets */,
				61EFC3B21A40AFD70002109F /* LaunchScreen.xib */,
				61EFC3A71A40AFD70002109F /* Supporting Files */,
			);
			path = CalcSwift;
			sourceTree = "<group>";
		};
		61EFC3A71A40AFD70002109F /* Supporting Files */ = {
			isa = PBXGroup;
			children = (
				61EFC3A81A40AFD70002109F /* Info.plist */,
			);
			name = "Supporting Files";
			sourceTree = "<group>";
		};
		61EFC3BC1A40AFD70002109F /* CalcSwiftTests */ = {
			isa = PBXGroup;
			children = (
				61EFC3BF1A40AFD70002109F /* CalcSwiftTests.swift */,
				61EFC3BD1A40AFD70002109F /* Supporting Files */,
			);
			path = CalcSwiftTests;
			sourceTree = "<group>";
		};
		61EFC3BD1A40AFD70002109F /* Supporting Files */ = {
			isa = PBXGroup;
			children = (
				61EFC3BE1A40AFD70002109F /* Info.plist */,
			);
			name = "Supporting Files";
			sourceTree = "<group>";
		};
/* End PBXGroup section */

/* Begin PBXNativeTarget section */
		61EFC3A31A40AFD70002109F /* CalcSwift */ = {
			isa = PBXNativeTarget;
			buildConfigurationList = 61EFC3C31A40AFD70002109F /* Build configuration list for PBXNativeTarget "CalcSwift" */;
			buildPhases = (
				61EFC3A01A40AFD70002109F /* Sources */,
				61EFC3A11A40AFD70002109F /* Frameworks */,
				61EFC3A21A40AFD70002109F /* Resources */,
			);
			buildRules = (
			);
			dependencies = (
			);
			name = CalcSwift;
			productName = CalcSwift;
			productReference = 61EFC3A41A40AFD70002109F /* CalcSwift.app */;
			productType = "com.apple.product-type.application";
		};
		61EFC3B81A40AFD70002109F /* CalcSwiftTests */ = {
			isa = PBXNativeTarget;
			buildConfigurationList = 61EFC3C61A40AFD70002109F /* Build configuration list for PBXNativeTarget "CalcSwiftTests" */;
			buildPhases = (
				61EFC3B51A40AFD70002109F /* Sources */,
				61EFC3B61A40AFD70002109F /* Frameworks */,
				61EFC3B71A40AFD70002109F /* Resources */,
			);
			buildRules = (
			);
			dependencies = (
				61EFC3BB1A40AFD70002109F /* PBXTargetDependency */,
			);
			name = CalcSwiftTests;
			productName = CalcSwiftTests;
			productReference = 61EFC3B91A40AFD70002109F /* CalcSwiftTests.xctest */;
			productType = "com.apple.product-type.bundle.unit-test";
		};
/* End PBXNativeTarget section */

/* Begin PBXProject section */
		61EFC39C1A40AFD70002109F /* Project object */ = {
			isa = PBXProject;
			attributes = {
				LastUpgradeCheck = 0610;
				ORGANIZATIONNAME = YeAPP;
				TargetAttributes = {
					61EFC3A31A40AFD70002109F = {
						CreatedOnToolsVersion = 6.1;
					};
					61EFC3B81A40AFD70002109F = {
						CreatedOnToolsVersion = 6.1;
						TestTargetID = 61EFC3A31A40AFD70002109F;
					};
				};
			};
			buildConfigurationList = 61EFC39F1A40AFD70002109F /* Build configuration list for PBXProject "CalcSwift" */;
			compatibilityVersion = "Xcode 3.2";
			developmentRegion = English;
			hasScannedForEncodings = 0;
			knownRegions = (
				en,
				Base,
			);
			mainGroup = 61EFC39B1A40AFD70002109F;
			productRefGroup = 61EFC3A51A40AFD70002109F /* Products */;
			projectDirPath = "";
			projectRoot = "";
			targets = (
				61EFC3A31A40AFD70002109F /* CalcSwift */,
				61EFC3B81A40AFD70002109F /* CalcSwiftTests */,
			);
		};
/* End PBXProject section */

/* Begin PBXResourcesBuildPhase section */
		61EFC3A21A40AFD70002109F /* Resources */ = {
			isa = PBXResourcesBuildPhase;
			buildActionMask = 2147483647;
			files = (
				61EFC3AF1A40AFD70002109F /* Main.storyboard in Resources */,
				61EFC3B41A40AFD70002109F /* LaunchScreen.xib in Resources */,
				61EFC3B11A40AFD70002109F /* Images.xcassets in Resources */,
			);
			runOnlyForDeploymentPostprocessing = 0;
		};
		61EFC3B71A40AFD70002109F /* Resources */ = {
			isa = PBXResourcesBuildPhase;
			buildActionMask = 2147483647;
			files = (
			);
			runOnlyForDeploymentPostprocessing = 0;
		};
/* End PBXResourcesBuildPhase section */

/* Begin PBXSourcesBuildPhase section */
		61EFC3A01A40AFD70002109F /* Sources */ = {
			isa = PBXSourcesBuildPhase;
			buildActionMask = 2147483647;
			files = (
				61EFC3AC1A40AFD70002109F /* ViewController.swift in Sources */,
				61EFC3AA1A40AFD70002109F /* AppDelegate.swift in Sources */,
			);
			runOnlyForDeploymentPostprocessing = 0;
		};
		61EFC3B51A40AFD70002109F /* Sources */ = {
			isa = PBXSourcesBuildPhase;
			buildActionMask = 2147483647;
			files = (
				61EFC3C01A40AFD70002109F /* CalcSwiftTests.swift in Sources */,
			);
			runOnlyForDeploymentPostprocessing = 0;
		};
/* End PBXSourcesBuildPhase section */

/* Begin PBXTargetDependency section */
		61EFC3BB1A40AFD70002109F /* PBXTargetDependency */ = {
			isa = PBXTargetDependency;
			target = 61EFC3A31A40AFD70002109F /* CalcSwift */;
			targetProxy = 61EFC3BA1A40AFD70002109F /* PBXContainerItemProxy */;
		};
/* End PBXTargetDependency section */

/* Begin PBXVariantGroup section */
		61EFC3AD1A40AFD70002109F /* Main.storyboard */ = {
			isa = PBXVariantGroup;
			children = (
				61EFC3AE1A40AFD70002109F /* Base */,
			);
			name = Main.storyboard;
			sourceTree = "<group>";
		};
		61EFC3B21A40AFD70002109F /* LaunchScreen.xib */ = {
			isa = PBXVariantGroup;
			children = (
				61EFC3B31A40AFD70002109F /* Base */,
			);
			name = LaunchScreen.xib;
			sourceTree = "<group>";
		};
/* End PBXVariantGroup section */

/* Begin XCBuildConfiguration section */
		61EFC3C11A40AFD70002109F /* Debug */ = {
			isa = XCBuildConfiguration;
			buildSettings = {
				ALWAYS_SEARCH_USER_PATHS = NO;
				CLANG_CXX_LANGUAGE_STANDARD = "gnu++0x";
				CLANG_CXX_LIBRARY = "libc++";
				CLANG_ENABLE_MODULES = YES;
				CLANG_ENABLE_OBJC_ARC = YES;
				CLANG_WARN_BOOL_CONVERSION = YES;
				CLANG_WARN_CONSTANT_CONVERSION = YES;
				CLANG_WARN_DIRECT_OBJC_ISA_USAGE = YES_ERROR;
				CLANG_WARN_EMPTY_BODY = YES;
				CLANG_WARN_ENUM_CONVERSION = YES;
				CLANG_WARN_INT_CONVERSION = YES;
				CLANG_WARN_OBJC_ROOT_CLASS = YES_ERROR;
				CLANG_WARN_UNREACHABLE_CODE = YES;
				CLANG_WARN__DUPLICATE_METHOD_MATCH = YES;
				"CODE_SIGN_IDENTITY[sdk=iphoneos*]" = "iPhone Developer";
				COPY_PHASE_STRIP = NO;
				ENABLE_STRICT_OBJC_MSGSEND = YES;
				GCC_C_LANGUAGE_STANDARD = gnu99;
				GCC_DYNAMIC_NO_PIC = NO;
				GCC_OPTIMIZATION_LEVEL = 0;
				GCC_PREPROCESSOR_DEFINITIONS = (
					"DEBUG=1",
					"$(inherited)",
				);
				GCC_SYMBOLS_PRIVATE_EXTERN = NO;
				GCC_WARN_64_TO_32_BIT_CONVERSION = YES;
				GCC_WARN_ABOUT_RETURN_TYPE = YES_ERROR;
				GCC_WARN_UNDECLARED_SELECTOR = YES;
				GCC_WARN_UNINITIALIZED_AUTOS = YES_AGGRESSIVE;
				GCC_WARN_UNUSED_FUNCTION = YES;
				GCC_WARN_UNUSED_VARIABLE = YES;
				IPHONEOS_DEPLOYMENT_TARGET = 8.1;
				MTL_ENABLE_DEBUG_INFO = YES;
				ONLY_ACTIVE_ARCH = YES;
				SDKROOT = iphoneos;
				SWIFT_OPTIMIZATION_LEVEL = "-Onone";
				TARGETED_DEVICE_FAMILY = "1,2";
			};
			name = Debug;
		};
		61EFC3C21A40AFD70002109F /* Release */ = {
			isa = XCBuildConfiguration;
			buildSettings = {
				ALWAYS_SEARCH_USER_PATHS = NO;
				CLANG_CXX_LANGUAGE_STANDARD = "gnu++0x";
				CLANG_CXX_LIBRARY = "libc++";
				CLANG_ENABLE_MODULES = YES;
				CLANG_ENABLE_OBJC_ARC = YES;
				CLANG_WARN_BOOL_CONVERSION = YES;
				CLANG_WARN_CONSTANT_CONVERSION = YES;
				CLANG_WARN_DIRECT_OBJC_ISA_USAGE = YES_ERROR;
				CLANG_WARN_EMPTY_BODY = YES;
				CLANG_WARN_ENUM_CONVERSION = YES;
				CLANG_WARN_INT_CONVERSION = YES;
				CLANG_WARN_OBJC_ROOT_CLASS = YES_ERROR;
				CLANG_WARN_UNREACHABLE_CODE = YES;
				CLANG_WARN__DUPLICATE_METHOD_MATCH = YES;
				"CODE_SIGN_IDENTITY[sdk=iphoneos*]" = "iPhone Developer";
				COPY_PHASE_STRIP = YES;
				ENABLE_NS_ASSERTIONS = NO;
				ENABLE_STRICT_OBJC_MSGSEND = YES;
				GCC_C_LANGUAGE_STANDARD = gnu99;
				GCC_WARN_64_TO_32_BIT_CONVERSION = YES;
				GCC_WARN_ABOUT_RETURN_TYPE = YES_ERROR;
				GCC_WARN_UNDECLARED_SELECTOR = YES;
				GCC_WARN_UNINITIALIZED_AUTOS = YES_AGGRESSIVE;
				GCC_WARN_UNUSED_FUNCTION = YES;
				GCC_WARN_UNUSED_VARIABLE = YES;
				IPHONEOS_DEPLOYMENT_TARGET = 8.1;
				MTL_ENABLE_DEBUG_INFO = NO;
				SDKROOT = iphoneos;
				TARGETED_DEVICE_FAMILY = "1,2";
				VALIDATE_PRODUCT = YES;
			};
			name = Release;
		};
		61EFC3C41A40AFD70002109F /* Debug */ = {
			isa = XCBuildConfiguration;
			buildSettings = {
				ASSETCATALOG_COMPILER_APPICON_NAME = AppIcon;
				INFOPLIST_FILE = CalcSwift/Info.plist;
				LD_RUNPATH_SEARCH_PATHS = "$(inherited) @executable_path/Frameworks";
				PRODUCT_NAME = "$(TARGET_NAME)";
			};
			name = Debug;
		};
		61EFC3C51A40AFD70002109F /* Release */ = {
			isa = XCBuildConfiguration;
			buildSettings = {
				ASSETCATALOG_COMPILER_APPICON_NAME = AppIcon;
				INFOPLIST_FILE = CalcSwift/Info.plist;
				LD_RUNPATH_SEARCH_PATHS = "$(inherited) @executable_path/Frameworks";
				PRODUCT_NAME = "$(TARGET_NAME)";
			};
			name = Release;
		};
		61EFC3C71A40AFD70002109F /* Debug */ = {
			isa = XCBuildConfiguration;
			buildSettings = {
				BUNDLE_LOADER = "$(TEST_HOST)";
				FRAMEWORK_SEARCH_PATHS = (
					"$(SDKROOT)/Developer/Library/Frameworks",
					"$(inherited)",
				);
				GCC_PREPROCESSOR_DEFINITIONS = (
					"DEBUG=1",
					"$(inherited)",
				);
				INFOPLIST_FILE = CalcSwiftTests/Info.plist;
				LD_RUNPATH_SEARCH_PATHS = "$(inherited) @executable_path/Frameworks @loader_path/Frameworks";
				PRODUCT_NAME = "$(TARGET_NAME)";
				TEST_HOST = "$(BUILT_PRODUCTS_DIR)/CalcSwift.app/CalcSwift";
			};
			name = Debug;
		};
		61EFC3C81A40AFD70002109F /* Release */ = {
			isa = XCBuildConfiguration;
			buildSettings = {
				BUNDLE_LOADER = "$(TEST_HOST)";
				FRAMEWORK_SEARCH_PATHS = (
					"$(SDKROOT)/Developer/Library/Frameworks",
					"$(inherited)",
				);
				INFOPLIST_FILE = CalcSwiftTests/Info.plist;
				LD_RUNPATH_SEARCH_PATHS = "$(inherited) @executable_path/Frameworks @loader_path/Frameworks";
				PRODUCT_NAME = "$(TARGET_NAME)";
				TEST_HOST = "$(BUILT_PRODUCTS_DIR)/CalcSwift.app/CalcSwift";
			};
			name = Release;
		};
/* End XCBuildConfiguration section */

/* Begin XCConfigurationList section */
		61EFC39F1A40AFD70002109F /* Build configuration list for PBXProject "CalcSwift" */ = {
			isa = XCConfigurationList;
			buildConfigurations = (
				61EFC3C11A40AFD70002109F /* Debug */,
				61EFC3C21A40AFD70002109F /* Release */,
			);
			defaultConfigurationIsVisible = 0;
			defaultConfigurationName = Release;
		};
		61EFC3C31A40AFD70002109F /* Build configuration list for PBXNativeTarget "CalcSwift" */ = {
			isa = XCConfigurationList;
			buildConfigurations = (
				61EFC3C41A40AFD70002109F /* Debug */,
				61EFC3C51A40AFD70002109F /* Release */,
			);
			defaultConfigurationIsVisible = 0;
		};
		61EFC3C61A40AFD70002109F /* Build configuration list for PBXNativeTarget "CalcSwiftTests" */ = {
			isa = XCConfigurationList;
			buildConfigurations = (
				61EFC3C71A40AFD70002109F /* Debug */,
				61EFC3C81A40AFD70002109F /* Release */,
			);
			defaultConfigurationIsVisible = 0;
		};
/* End XCConfigurationList section */
	};
	rootObject = 61EFC39C1A40AFD70002109F /* Project object */;
}
