// !$*UTF8*$!
{
	archiveVersion = 1;
	classes = {
	};
	objectVersion = 46;
	objects = {

/* Begin PBXBuildFile section */
		5201E1D81A3C39D2004FEACB /* AppDelegate.swift in Sources */ = {isa = PBXBuildFile; fileRef = 5201E1D71A3C39D2004FEACB /* AppDelegate.swift */; };
		5201E1DA1A3C39D2004FEACB /* ViewController.swift in Sources */ = {isa = PBXBuildFile; fileRef = 5201E1D91A3C39D2004FEACB /* ViewController.swift */; };
		5201E1DD1A3C39D2004FEACB /* Main.storyboard in Resources */ = {isa = PBXBuildFile; fileRef = 5201E1DB1A3C39D2004FEACB /* Main.storyboard */; };
		5201E1DF1A3C39D2004FEACB /* Images.xcassets in Resources */ = {isa = PBXBuildFile; fileRef = 5201E1DE1A3C39D2004FEACB /* Images.xcassets */; };
		5201E1E21A3C39D2004FEACB /* LaunchScreen.xib in Resources */ = {isa = PBXBuildFile; fileRef = 5201E1E01A3C39D2004FEACB /* LaunchScreen.xib */; };
		5201E1EE1A3C39D2004FEACB /* ProvaSwiftTests.swift in Sources */ = {isa = PBXBuildFile; fileRef = 5201E1ED1A3C39D2004FEACB /* ProvaSwiftTests.swift */; };
/* End PBXBuildFile section */

/* Begin PBXContainerItemProxy section */
		5201E1E81A3C39D2004FEACB /* PBXContainerItemProxy */ = {
			isa = PBXContainerItemProxy;
			containerPortal = 5201E1CA1A3C39D2004FEACB /* Project object */;
			proxyType = 1;
			remoteGlobalIDString = 5201E1D11A3C39D2004FEACB;
			remoteInfo = ProvaSwift;
		};
/* End PBXContainerItemProxy section */

/* Begin PBXFileReference section */
		5201E1D21A3C39D2004FEACB /* ProvaSwift.app */ = {isa = PBXFileReference; explicitFileType = wrapper.application; includeInIndex = 0; path = ProvaSwift.app; sourceTree = BUILT_PRODUCTS_DIR; };
		5201E1D61A3C39D2004FEACB /* Info.plist */ = {isa = PBXFileReference; lastKnownFileType = text.plist.xml; path = Info.plist; sourceTree = "<group>"; };
		5201E1D71A3C39D2004FEACB /* AppDelegate.swift */ = {isa = PBXFileReference; lastKnownFileType = sourcecode.swift; path = AppDelegate.swift; sourceTree = "<group>"; };
		5201E1D91A3C39D2004FEACB /* ViewController.swift */ = {isa = PBXFileReference; lastKnownFileType = sourcecode.swift; path = ViewController.swift; sourceTree = "<group>"; };
		5201E1DC1A3C39D2004FEACB /* Base */ = {isa = PBXFileReference; lastKnownFileType = file.storyboard; name = Base; path = Base.lproj/Main.storyboard; sourceTree = "<group>"; };
		5201E1DE1A3C39D2004FEACB /* Images.xcassets */ = {isa = PBXFileReference; lastKnownFileType = folder.assetcatalog; path = Images.xcassets; sourceTree = "<group>"; };
		5201E1E11A3C39D2004FEACB /* Base */ = {isa = PBXFileReference; lastKnownFileType = file.xib; name = Base; path = Base.lproj/LaunchScreen.xib; sourceTree = "<group>"; };
		5201E1E71A3C39D2004FEACB /* ProvaSwiftTests.xctest */ = {isa = PBXFileReference; explicitFileType = wrapper.cfbundle; includeInIndex = 0; path = ProvaSwiftTests.xctest; sourceTree = BUILT_PRODUCTS_DIR; };
		5201E1EC1A3C39D2004FEACB /* Info.plist */ = {isa = PBXFileReference; lastKnownFileType = text.plist.xml; path = Info.plist; sourceTree = "<group>"; };
		5201E1ED1A3C39D2004FEACB /* ProvaSwiftTests.swift */ = {isa = PBXFileReference; lastKnownFileType = sourcecode.swift; path = ProvaSwiftTests.swift; sourceTree = "<group>"; };
/* End PBXFileReference section */

/* Begin PBXFrameworksBuildPhase section */
		5201E1CF1A3C39D2004FEACB /* Frameworks */ = {
			isa = PBXFrameworksBuildPhase;
			buildActionMask = 2147483647;
			files = (
			);
			runOnlyForDeploymentPostprocessing = 0;
		};
		5201E1E41A3C39D2004FEACB /* Frameworks */ = {
			isa = PBXFrameworksBuildPhase;
			buildActionMask = 2147483647;
			files = (
			);
			runOnlyForDeploymentPostprocessing = 0;
		};
/* End PBXFrameworksBuildPhase section */

/* Begin PBXGroup section */
		5201E1C91A3C39D2004FEACB = {
			isa = PBXGroup;
			children = (
				5201E1D41A3C39D2004FEACB /* ProvaSwift */,
				5201E1EA1A3C39D2004FEACB /* ProvaSwiftTests */,
				5201E1D31A3C39D2004FEACB /* Products */,
			);
			sourceTree = "<group>";
		};
		5201E1D31A3C39D2004FEACB /* Products */ = {
			isa = PBXGroup;
			children = (
				5201E1D21A3C39D2004FEACB /* ProvaSwift.app */,
				5201E1E71A3C39D2004FEACB /* ProvaSwiftTests.xctest */,
			);
			name = Products;
			sourceTree = "<group>";
		};
		5201E1D41A3C39D2004FEACB /* ProvaSwift */ = {
			isa = PBXGroup;
			children = (
				5201E1D71A3C39D2004FEACB /* AppDelegate.swift */,
				5201E1D91A3C39D2004FEACB /* ViewController.swift */,
				5201E1DB1A3C39D2004FEACB /* Main.storyboard */,
				5201E1DE1A3C39D2004FEACB /* Images.xcassets */,
				5201E1E01A3C39D2004FEACB /* LaunchScreen.xib */,
				5201E1D51A3C39D2004FEACB /* Supporting Files */,
			);
			path = ProvaSwift;
			sourceTree = "<group>";
		};
		5201E1D51A3C39D2004FEACB /* Supporting Files */ = {
			isa = PBXGroup;
			children = (
				5201E1D61A3C39D2004FEACB /* Info.plist */,
			);
			name = "Supporting Files";
			sourceTree = "<group>";
		};
		5201E1EA1A3C39D2004FEACB /* ProvaSwiftTests */ = {
			isa = PBXGroup;
			children = (
				5201E1ED1A3C39D2004FEACB /* ProvaSwiftTests.swift */,
				5201E1EB1A3C39D2004FEACB /* Supporting Files */,
			);
			path = ProvaSwiftTests;
			sourceTree = "<group>";
		};
		5201E1EB1A3C39D2004FEACB /* Supporting Files */ = {
			isa = PBXGroup;
			children = (
				5201E1EC1A3C39D2004FEACB /* Info.plist */,
			);
			name = "Supporting Files";
			sourceTree = "<group>";
		};
/* End PBXGroup section */

/* Begin PBXNativeTarget section */
		5201E1D11A3C39D2004FEACB /* ProvaSwift */ = {
			isa = PBXNativeTarget;
			buildConfigurationList = 5201E1F11A3C39D2004FEACB /* Build configuration list for PBXNativeTarget "ProvaSwift" */;
			buildPhases = (
				5201E1CE1A3C39D2004FEACB /* Sources */,
				5201E1CF1A3C39D2004FEACB /* Frameworks */,
				5201E1D01A3C39D2004FEACB /* Resources */,
			);
			buildRules = (
			);
			dependencies = (
			);
			name = ProvaSwift;
			productName = ProvaSwift;
			productReference = 5201E1D21A3C39D2004FEACB /* ProvaSwift.app */;
			productType = "com.apple.product-type.application";
		};
		5201E1E61A3C39D2004FEACB /* ProvaSwiftTests */ = {
			isa = PBXNativeTarget;
			buildConfigurationList = 5201E1F41A3C39D2004FEACB /* Build configuration list for PBXNativeTarget "ProvaSwiftTests" */;
			buildPhases = (
				5201E1E31A3C39D2004FEACB /* Sources */,
				5201E1E41A3C39D2004FEACB /* Frameworks */,
				5201E1E51A3C39D2004FEACB /* Resources */,
			);
			buildRules = (
			);
			dependencies = (
				5201E1E91A3C39D2004FEACB /* PBXTargetDependency */,
			);
			name = ProvaSwiftTests;
			productName = ProvaSwiftTests;
			productReference = 5201E1E71A3C39D2004FEACB /* ProvaSwiftTests.xctest */;
			productType = "com.apple.product-type.bundle.unit-test";
		};
/* End PBXNativeTarget section */

/* Begin PBXProject section */
		5201E1CA1A3C39D2004FEACB /* Project object */ = {
			isa = PBXProject;
			attributes = {
				LastUpgradeCheck = 0610;
				ORGANIZATIONNAME = "Iacopo Peri";
				TargetAttributes = {
					5201E1D11A3C39D2004FEACB = {
						CreatedOnToolsVersion = 6.1.1;
					};
					5201E1E61A3C39D2004FEACB = {
						CreatedOnToolsVersion = 6.1.1;
						TestTargetID = 5201E1D11A3C39D2004FEACB;
					};
				};
			};
			buildConfigurationList = 5201E1CD1A3C39D2004FEACB /* Build configuration list for PBXProject "ProvaSwift" */;
			compatibilityVersion = "Xcode 3.2";
			developmentRegion = English;
			hasScannedForEncodings = 0;
			knownRegions = (
				en,
				Base,
			);
			mainGroup = 5201E1C91A3C39D2004FEACB;
			productRefGroup = 5201E1D31A3C39D2004FEACB /* Products */;
			projectDirPath = "";
			projectRoot = "";
			targets = (
				5201E1D11A3C39D2004FEACB /* ProvaSwift */,
				5201E1E61A3C39D2004FEACB /* ProvaSwiftTests */,
			);
		};
/* End PBXProject section */

/* Begin PBXResourcesBuildPhase section */
		5201E1D01A3C39D2004FEACB /* Resources */ = {
			isa = PBXResourcesBuildPhase;
			buildActionMask = 2147483647;
			files = (
				5201E1DD1A3C39D2004FEACB /* Main.storyboard in Resources */,
				5201E1E21A3C39D2004FEACB /* LaunchScreen.xib in Resources */,
				5201E1DF1A3C39D2004FEACB /* Images.xcassets in Resources */,
			);
			runOnlyForDeploymentPostprocessing = 0;
		};
		5201E1E51A3C39D2004FEACB /* Resources */ = {
			isa = PBXResourcesBuildPhase;
			buildActionMask = 2147483647;
			files = (
			);
			runOnlyForDeploymentPostprocessing = 0;
		};
/* End PBXResourcesBuildPhase section */

/* Begin PBXSourcesBuildPhase section */
		5201E1CE1A3C39D2004FEACB /* Sources */ = {
			isa = PBXSourcesBuildPhase;
			buildActionMask = 2147483647;
			files = (
				5201E1DA1A3C39D2004FEACB /* ViewController.swift in Sources */,
				5201E1D81A3C39D2004FEACB /* AppDelegate.swift in Sources */,
			);
			runOnlyForDeploymentPostprocessing = 0;
		};
		5201E1E31A3C39D2004FEACB /* Sources */ = {
			isa = PBXSourcesBuildPhase;
			buildActionMask = 2147483647;
			files = (
				5201E1EE1A3C39D2004FEACB /* ProvaSwiftTests.swift in Sources */,
			);
			runOnlyForDeploymentPostprocessing = 0;
		};
/* End PBXSourcesBuildPhase section */

/* Begin PBXTargetDependency section */
		5201E1E91A3C39D2004FEACB /* PBXTargetDependency */ = {
			isa = PBXTargetDependency;
			target = 5201E1D11A3C39D2004FEACB /* ProvaSwift */;
			targetProxy = 5201E1E81A3C39D2004FEACB /* PBXContainerItemProxy */;
		};
/* End PBXTargetDependency section */

/* Begin PBXVariantGroup section */
		5201E1DB1A3C39D2004FEACB /* Main.storyboard */ = {
			isa = PBXVariantGroup;
			children = (
				5201E1DC1A3C39D2004FEACB /* Base */,
			);
			name = Main.storyboard;
			sourceTree = "<group>";
		};
		5201E1E01A3C39D2004FEACB /* LaunchScreen.xib */ = {
			isa = PBXVariantGroup;
			children = (
				5201E1E11A3C39D2004FEACB /* Base */,
			);
			name = LaunchScreen.xib;
			sourceTree = "<group>";
		};
/* End PBXVariantGroup section */

/* Begin XCBuildConfiguration section */
		5201E1EF1A3C39D2004FEACB /* Debug */ = {
			isa = XCBuildConfiguration;
			buildSettings = {
				ALWAYS_SEARCH_USER_PATHS = NO;
				CLANG_CXX_LANGUAGE_STANDARD = "gnu++0x";
				CLANG_CXX_LIBRARY = "libc++";
				CLANG_ENABLE_MODULES = YES;
				CLANG_ENABLE_OBJC_ARC = YES;
				CLANG_WARN_BOOL_CONVERSION = YES;
				CLANG_WARN_CONSTANT_CONVERSION = YES;
				CLANG_WARN_DIRECT_OBJC_ISA_USAGE = YES_ERROR;
				CLANG_WARN_EMPTY_BODY = YES;
				CLANG_WARN_ENUM_CONVERSION = YES;
				CLANG_WARN_INT_CONVERSION = YES;
				CLANG_WARN_OBJC_ROOT_CLASS = YES_ERROR;
				CLANG_WARN_UNREACHABLE_CODE = YES;
				CLANG_WARN__DUPLICATE_METHOD_MATCH = YES;
				"CODE_SIGN_IDENTITY[sdk=iphoneos*]" = "iPhone Developer";
				COPY_PHASE_STRIP = NO;
				ENABLE_STRICT_OBJC_MSGSEND = YES;
				GCC_C_LANGUAGE_STANDARD = gnu99;
				GCC_DYNAMIC_NO_PIC = NO;
				GCC_OPTIMIZATION_LEVEL = 0;
				GCC_PREPROCESSOR_DEFINITIONS = (
					"DEBUG=1",
					"$(inherited)",
				);
				GCC_SYMBOLS_PRIVATE_EXTERN = NO;
				GCC_WARN_64_TO_32_BIT_CONVERSION = YES;
				GCC_WARN_ABOUT_RETURN_TYPE = YES_ERROR;
				GCC_WARN_UNDECLARED_SELECTOR = YES;
				GCC_WARN_UNINITIALIZED_AUTOS = YES_AGGRESSIVE;
				GCC_WARN_UNUSED_FUNCTION = YES;
				GCC_WARN_UNUSED_VARIABLE = YES;
				IPHONEOS_DEPLOYMENT_TARGET = 8.1;
				MTL_ENABLE_DEBUG_INFO = YES;
				ONLY_ACTIVE_ARCH = YES;
				SDKROOT = iphoneos;
				SWIFT_OPTIMIZATION_LEVEL = "-Onone";
				TARGETED_DEVICE_FAMILY = "1,2";
			};
			name = Debug;
		};
		5201E1F01A3C39D2004FEACB /* Release */ = {
			isa = XCBuildConfiguration;
			buildSettings = {
				ALWAYS_SEARCH_USER_PATHS = NO;
				CLANG_CXX_LANGUAGE_STANDARD = "gnu++0x";
				CLANG_CXX_LIBRARY = "libc++";
				CLANG_ENABLE_MODULES = YES;
				CLANG_ENABLE_OBJC_ARC = YES;
				CLANG_WARN_BOOL_CONVERSION = YES;
				CLANG_WARN_CONSTANT_CONVERSION = YES;
				CLANG_WARN_DIRECT_OBJC_ISA_USAGE = YES_ERROR;
				CLANG_WARN_EMPTY_BODY = YES;
				CLANG_WARN_ENUM_CONVERSION = YES;
				CLANG_WARN_INT_CONVERSION = YES;
				CLANG_WARN_OBJC_ROOT_CLASS = YES_ERROR;
				CLANG_WARN_UNREACHABLE_CODE = YES;
				CLANG_WARN__DUPLICATE_METHOD_MATCH = YES;
				"CODE_SIGN_IDENTITY[sdk=iphoneos*]" = "iPhone Developer";
				COPY_PHASE_STRIP = YES;
				ENABLE_NS_ASSERTIONS = NO;
				ENABLE_STRICT_OBJC_MSGSEND = YES;
				GCC_C_LANGUAGE_STANDARD = gnu99;
				GCC_WARN_64_TO_32_BIT_CONVERSION = YES;
				GCC_WARN_ABOUT_RETURN_TYPE = YES_ERROR;
				GCC_WARN_UNDECLARED_SELECTOR = YES;
				GCC_WARN_UNINITIALIZED_AUTOS = YES_AGGRESSIVE;
				GCC_WARN_UNUSED_FUNCTION = YES;
				GCC_WARN_UNUSED_VARIABLE = YES;
				IPHONEOS_DEPLOYMENT_TARGET = 8.1;
				MTL_ENABLE_DEBUG_INFO = NO;
				SDKROOT = iphoneos;
				TARGETED_DEVICE_FAMILY = "1,2";
				VALIDATE_PRODUCT = YES;
			};
			name = Release;
		};
		5201E1F21A3C39D2004FEACB /* Debug */ = {
			isa = XCBuildConfiguration;
			buildSettings = {
				ASSETCATALOG_COMPILER_APPICON_NAME = AppIcon;
				INFOPLIST_FILE = ProvaSwift/Info.plist;
				LD_RUNPATH_SEARCH_PATHS = "$(inherited) @executable_path/Frameworks";
				PRODUCT_NAME = "$(TARGET_NAME)";
			};
			name = Debug;
		};
		5201E1F31A3C39D2004FEACB /* Release */ = {
			isa = XCBuildConfiguration;
			buildSettings = {
				ASSETCATALOG_COMPILER_APPICON_NAME = AppIcon;
				INFOPLIST_FILE = ProvaSwift/Info.plist;
				LD_RUNPATH_SEARCH_PATHS = "$(inherited) @executable_path/Frameworks";
				PRODUCT_NAME = "$(TARGET_NAME)";
			};
			name = Release;
		};
		5201E1F51A3C39D2004FEACB /* Debug */ = {
			isa = XCBuildConfiguration;
			buildSettings = {
				BUNDLE_LOADER = "$(TEST_HOST)";
				FRAMEWORK_SEARCH_PATHS = (
					"$(SDKROOT)/Developer/Library/Frameworks",
					"$(inherited)",
				);
				GCC_PREPROCESSOR_DEFINITIONS = (
					"DEBUG=1",
					"$(inherited)",
				);
				INFOPLIST_FILE = ProvaSwiftTests/Info.plist;
				LD_RUNPATH_SEARCH_PATHS = "$(inherited) @executable_path/Frameworks @loader_path/Frameworks";
				PRODUCT_NAME = "$(TARGET_NAME)";
				TEST_HOST = "$(BUILT_PRODUCTS_DIR)/ProvaSwift.app/ProvaSwift";
			};
			name = Debug;
		};
		5201E1F61A3C39D2004FEACB /* Release */ = {
			isa = XCBuildConfiguration;
			buildSettings = {
				BUNDLE_LOADER = "$(TEST_HOST)";
				FRAMEWORK_SEARCH_PATHS = (
					"$(SDKROOT)/Developer/Library/Frameworks",
					"$(inherited)",
				);
				INFOPLIST_FILE = ProvaSwiftTests/Info.plist;
				LD_RUNPATH_SEARCH_PATHS = "$(inherited) @executable_path/Frameworks @loader_path/Frameworks";
				PRODUCT_NAME = "$(TARGET_NAME)";
				TEST_HOST = "$(BUILT_PRODUCTS_DIR)/ProvaSwift.app/ProvaSwift";
			};
			name = Release;
		};
/* End XCBuildConfiguration section */

/* Begin XCConfigurationList section */
		5201E1CD1A3C39D2004FEACB /* Build configuration list for PBXProject "ProvaSwift" */ = {
			isa = XCConfigurationList;
			buildConfigurations = (
				5201E1EF1A3C39D2004FEACB /* Debug */,
				5201E1F01A3C39D2004FEACB /* Release */,
			);
			defaultConfigurationIsVisible = 0;
			defaultConfigurationName = Release;
		};
		5201E1F11A3C39D2004FEACB /* Build configuration list for PBXNativeTarget "ProvaSwift" */ = {
			isa = XCConfigurationList;
			buildConfigurations = (
				5201E1F21A3C39D2004FEACB /* Debug */,
				5201E1F31A3C39D2004FEACB /* Release */,
			);
			defaultConfigurationIsVisible = 0;
		};
		5201E1F41A3C39D2004FEACB /* Build configuration list for PBXNativeTarget "ProvaSwiftTests" */ = {
			isa = XCConfigurationList;
			buildConfigurations = (
				5201E1F51A3C39D2004FEACB /* Debug */,
				5201E1F61A3C39D2004FEACB /* Release */,
			);
			defaultConfigurationIsVisible = 0;
		};
/* End XCConfigurationList section */
	};
	rootObject = 5201E1CA1A3C39D2004FEACB /* Project object */;
}
