// !$*UTF8*$!
{
	archiveVersion = 1;
	classes = {
	};
	objectVersion = 46;
	objects = {

/* Begin PBXBuildFile section */
		52E822C01A441B680000353F /* AppDelegate.swift in Sources */ = {isa = PBXBuildFile; fileRef = 52E822BF1A441B680000353F /* AppDelegate.swift */; };
		52E822C21A441B680000353F /* ViewController.swift in Sources */ = {isa = PBXBuildFile; fileRef = 52E822C11A441B680000353F /* ViewController.swift */; };
		52E822C51A441B680000353F /* Main.storyboard in Resources */ = {isa = PBXBuildFile; fileRef = 52E822C31A441B680000353F /* Main.storyboard */; };
		52E822C71A441B680000353F /* Images.xcassets in Resources */ = {isa = PBXBuildFile; fileRef = 52E822C61A441B680000353F /* Images.xcassets */; };
		52E822CA1A441B680000353F /* LaunchScreen.xib in Resources */ = {isa = PBXBuildFile; fileRef = 52E822C81A441B680000353F /* LaunchScreen.xib */; };
		52E822D61A441B680000353F /* CsvViewerSwiftTests.swift in Sources */ = {isa = PBXBuildFile; fileRef = 52E822D51A441B680000353F /* CsvViewerSwiftTests.swift */; };
		52E822E01A4431AD0000353F /* punti.csv in Resources */ = {isa = PBXBuildFile; fileRef = 52E822DF1A4431AD0000353F /* punti.csv */; };
/* End PBXBuildFile section */

/* Begin PBXContainerItemProxy section */
		52E822D01A441B680000353F /* PBXContainerItemProxy */ = {
			isa = PBXContainerItemProxy;
			containerPortal = 52E822B21A441B680000353F /* Project object */;
			proxyType = 1;
			remoteGlobalIDString = 52E822B91A441B680000353F;
			remoteInfo = CsvViewerSwift;
		};
/* End PBXContainerItemProxy section */

/* Begin PBXFileReference section */
		52E822BA1A441B680000353F /* CsvViewerSwift.app */ = {isa = PBXFileReference; explicitFileType = wrapper.application; includeInIndex = 0; path = CsvViewerSwift.app; sourceTree = BUILT_PRODUCTS_DIR; };
		52E822BE1A441B680000353F /* Info.plist */ = {isa = PBXFileReference; lastKnownFileType = text.plist.xml; path = Info.plist; sourceTree = "<group>"; };
		52E822BF1A441B680000353F /* AppDelegate.swift */ = {isa = PBXFileReference; lastKnownFileType = sourcecode.swift; path = AppDelegate.swift; sourceTree = "<group>"; };
		52E822C11A441B680000353F /* ViewController.swift */ = {isa = PBXFileReference; lastKnownFileType = sourcecode.swift; path = ViewController.swift; sourceTree = "<group>"; };
		52E822C41A441B680000353F /* Base */ = {isa = PBXFileReference; lastKnownFileType = file.storyboard; name = Base; path = Base.lproj/Main.storyboard; sourceTree = "<group>"; };
		52E822C61A441B680000353F /* Images.xcassets */ = {isa = PBXFileReference; lastKnownFileType = folder.assetcatalog; path = Images.xcassets; sourceTree = "<group>"; };
		52E822C91A441B680000353F /* Base */ = {isa = PBXFileReference; lastKnownFileType = file.xib; name = Base; path = Base.lproj/LaunchScreen.xib; sourceTree = "<group>"; };
		52E822CF1A441B680000353F /* CsvViewerSwiftTests.xctest */ = {isa = PBXFileReference; explicitFileType = wrapper.cfbundle; includeInIndex = 0; path = CsvViewerSwiftTests.xctest; sourceTree = BUILT_PRODUCTS_DIR; };
		52E822D41A441B680000353F /* Info.plist */ = {isa = PBXFileReference; lastKnownFileType = text.plist.xml; path = Info.plist; sourceTree = "<group>"; };
		52E822D51A441B680000353F /* CsvViewerSwiftTests.swift */ = {isa = PBXFileReference; lastKnownFileType = sourcecode.swift; path = CsvViewerSwiftTests.swift; sourceTree = "<group>"; };
		52E822DF1A4431AD0000353F /* punti.csv */ = {isa = PBXFileReference; fileEncoding = 4; lastKnownFileType = text; name = punti.csv; path = CsvViewerSwift/punti.csv; sourceTree = SOURCE_ROOT; };
/* End PBXFileReference section */

/* Begin PBXFrameworksBuildPhase section */
		52E822B71A441B680000353F /* Frameworks */ = {
			isa = PBXFrameworksBuildPhase;
			buildActionMask = 2147483647;
			files = (
			);
			runOnlyForDeploymentPostprocessing = 0;
		};
		52E822CC1A441B680000353F /* Frameworks */ = {
			isa = PBXFrameworksBuildPhase;
			buildActionMask = 2147483647;
			files = (
			);
			runOnlyForDeploymentPostprocessing = 0;
		};
/* End PBXFrameworksBuildPhase section */

/* Begin PBXGroup section */
		52E822B11A441B680000353F = {
			isa = PBXGroup;
			children = (
				52E822BC1A441B680000353F /* CsvViewerSwift */,
				52E822D21A441B680000353F /* CsvViewerSwiftTests */,
				52E822BB1A441B680000353F /* Products */,
			);
			sourceTree = "<group>";
		};
		52E822BB1A441B680000353F /* Products */ = {
			isa = PBXGroup;
			children = (
				52E822BA1A441B680000353F /* CsvViewerSwift.app */,
				52E822CF1A441B680000353F /* CsvViewerSwiftTests.xctest */,
			);
			name = Products;
			sourceTree = "<group>";
		};
		52E822BC1A441B680000353F /* CsvViewerSwift */ = {
			isa = PBXGroup;
			children = (
				52E822BF1A441B680000353F /* AppDelegate.swift */,
				52E822C11A441B680000353F /* ViewController.swift */,
				52E822C31A441B680000353F /* Main.storyboard */,
				52E822C61A441B680000353F /* Images.xcassets */,
				52E822C81A441B680000353F /* LaunchScreen.xib */,
				52E822BD1A441B680000353F /* Supporting Files */,
			);
			path = CsvViewerSwift;
			sourceTree = "<group>";
		};
		52E822BD1A441B680000353F /* Supporting Files */ = {
			isa = PBXGroup;
			children = (
				52E822DF1A4431AD0000353F /* punti.csv */,
				52E822BE1A441B680000353F /* Info.plist */,
			);
			name = "Supporting Files";
			sourceTree = "<group>";
		};
		52E822D21A441B680000353F /* CsvViewerSwiftTests */ = {
			isa = PBXGroup;
			children = (
				52E822D51A441B680000353F /* CsvViewerSwiftTests.swift */,
				52E822D31A441B680000353F /* Supporting Files */,
			);
			path = CsvViewerSwiftTests;
			sourceTree = "<group>";
		};
		52E822D31A441B680000353F /* Supporting Files */ = {
			isa = PBXGroup;
			children = (
				52E822D41A441B680000353F /* Info.plist */,
			);
			name = "Supporting Files";
			sourceTree = "<group>";
		};
/* End PBXGroup section */

/* Begin PBXNativeTarget section */
		52E822B91A441B680000353F /* CsvViewerSwift */ = {
			isa = PBXNativeTarget;
			buildConfigurationList = 52E822D91A441B680000353F /* Build configuration list for PBXNativeTarget "CsvViewerSwift" */;
			buildPhases = (
				52E822B61A441B680000353F /* Sources */,
				52E822B71A441B680000353F /* Frameworks */,
				52E822B81A441B680000353F /* Resources */,
			);
			buildRules = (
			);
			dependencies = (
			);
			name = CsvViewerSwift;
			productName = CsvViewerSwift;
			productReference = 52E822BA1A441B680000353F /* CsvViewerSwift.app */;
			productType = "com.apple.product-type.application";
		};
		52E822CE1A441B680000353F /* CsvViewerSwiftTests */ = {
			isa = PBXNativeTarget;
			buildConfigurationList = 52E822DC1A441B680000353F /* Build configuration list for PBXNativeTarget "CsvViewerSwiftTests" */;
			buildPhases = (
				52E822CB1A441B680000353F /* Sources */,
				52E822CC1A441B680000353F /* Frameworks */,
				52E822CD1A441B680000353F /* Resources */,
			);
			buildRules = (
			);
			dependencies = (
				52E822D11A441B680000353F /* PBXTargetDependency */,
			);
			name = CsvViewerSwiftTests;
			productName = CsvViewerSwiftTests;
			productReference = 52E822CF1A441B680000353F /* CsvViewerSwiftTests.xctest */;
			productType = "com.apple.product-type.bundle.unit-test";
		};
/* End PBXNativeTarget section */

/* Begin PBXProject section */
		52E822B21A441B680000353F /* Project object */ = {
			isa = PBXProject;
			attributes = {
				LastUpgradeCheck = 0610;
				ORGANIZATIONNAME = "Iacopo Peri";
				TargetAttributes = {
					52E822B91A441B680000353F = {
						CreatedOnToolsVersion = 6.1.1;
					};
					52E822CE1A441B680000353F = {
						CreatedOnToolsVersion = 6.1.1;
						TestTargetID = 52E822B91A441B680000353F;
					};
				};
			};
			buildConfigurationList = 52E822B51A441B680000353F /* Build configuration list for PBXProject "CsvViewerSwift" */;
			compatibilityVersion = "Xcode 3.2";
			developmentRegion = English;
			hasScannedForEncodings = 0;
			knownRegions = (
				en,
				Base,
			);
			mainGroup = 52E822B11A441B680000353F;
			productRefGroup = 52E822BB1A441B680000353F /* Products */;
			projectDirPath = "";
			projectRoot = "";
			targets = (
				52E822B91A441B680000353F /* CsvViewerSwift */,
				52E822CE1A441B680000353F /* CsvViewerSwiftTests */,
			);
		};
/* End PBXProject section */

/* Begin PBXResourcesBuildPhase section */
		52E822B81A441B680000353F /* Resources */ = {
			isa = PBXResourcesBuildPhase;
			buildActionMask = 2147483647;
			files = (
				52E822C51A441B680000353F /* Main.storyboard in Resources */,
				52E822CA1A441B680000353F /* LaunchScreen.xib in Resources */,
				52E822C71A441B680000353F /* Images.xcassets in Resources */,
				52E822E01A4431AD0000353F /* punti.csv in Resources */,
			);
			runOnlyForDeploymentPostprocessing = 0;
		};
		52E822CD1A441B680000353F /* Resources */ = {
			isa = PBXResourcesBuildPhase;
			buildActionMask = 2147483647;
			files = (
			);
			runOnlyForDeploymentPostprocessing = 0;
		};
/* End PBXResourcesBuildPhase section */

/* Begin PBXSourcesBuildPhase section */
		52E822B61A441B680000353F /* Sources */ = {
			isa = PBXSourcesBuildPhase;
			buildActionMask = 2147483647;
			files = (
				52E822C21A441B680000353F /* ViewController.swift in Sources */,
				52E822C01A441B680000353F /* AppDelegate.swift in Sources */,
			);
			runOnlyForDeploymentPostprocessing = 0;
		};
		52E822CB1A441B680000353F /* Sources */ = {
			isa = PBXSourcesBuildPhase;
			buildActionMask = 2147483647;
			files = (
				52E822D61A441B680000353F /* CsvViewerSwiftTests.swift in Sources */,
			);
			runOnlyForDeploymentPostprocessing = 0;
		};
/* End PBXSourcesBuildPhase section */

/* Begin PBXTargetDependency section */
		52E822D11A441B680000353F /* PBXTargetDependency */ = {
			isa = PBXTargetDependency;
			target = 52E822B91A441B680000353F /* CsvViewerSwift */;
			targetProxy = 52E822D01A441B680000353F /* PBXContainerItemProxy */;
		};
/* End PBXTargetDependency section */

/* Begin PBXVariantGroup section */
		52E822C31A441B680000353F /* Main.storyboard */ = {
			isa = PBXVariantGroup;
			children = (
				52E822C41A441B680000353F /* Base */,
			);
			name = Main.storyboard;
			sourceTree = "<group>";
		};
		52E822C81A441B680000353F /* LaunchScreen.xib */ = {
			isa = PBXVariantGroup;
			children = (
				52E822C91A441B680000353F /* Base */,
			);
			name = LaunchScreen.xib;
			sourceTree = "<group>";
		};
/* End PBXVariantGroup section */

/* Begin XCBuildConfiguration section */
		52E822D71A441B680000353F /* Debug */ = {
			isa = XCBuildConfiguration;
			buildSettings = {
				ALWAYS_SEARCH_USER_PATHS = NO;
				CLANG_CXX_LANGUAGE_STANDARD = "gnu++0x";
				CLANG_CXX_LIBRARY = "libc++";
				CLANG_ENABLE_MODULES = YES;
				CLANG_ENABLE_OBJC_ARC = YES;
				CLANG_WARN_BOOL_CONVERSION = YES;
				CLANG_WARN_CONSTANT_CONVERSION = YES;
				CLANG_WARN_DIRECT_OBJC_ISA_USAGE = YES_ERROR;
				CLANG_WARN_EMPTY_BODY = YES;
				CLANG_WARN_ENUM_CONVERSION = YES;
				CLANG_WARN_INT_CONVERSION = YES;
				CLANG_WARN_OBJC_ROOT_CLASS = YES_ERROR;
				CLANG_WARN_UNREACHABLE_CODE = YES;
				CLANG_WARN__DUPLICATE_METHOD_MATCH = YES;
				"CODE_SIGN_IDENTITY[sdk=iphoneos*]" = "iPhone Developer";
				COPY_PHASE_STRIP = NO;
				ENABLE_STRICT_OBJC_MSGSEND = YES;
				GCC_C_LANGUAGE_STANDARD = gnu99;
				GCC_DYNAMIC_NO_PIC = NO;
				GCC_OPTIMIZATION_LEVEL = 0;
				GCC_PREPROCESSOR_DEFINITIONS = (
					"DEBUG=1",
					"$(inherited)",
				);
				GCC_SYMBOLS_PRIVATE_EXTERN = NO;
				GCC_WARN_64_TO_32_BIT_CONVERSION = YES;
				GCC_WARN_ABOUT_RETURN_TYPE = YES_ERROR;
				GCC_WARN_UNDECLARED_SELECTOR = YES;
				GCC_WARN_UNINITIALIZED_AUTOS = YES_AGGRESSIVE;
				GCC_WARN_UNUSED_FUNCTION = YES;
				GCC_WARN_UNUSED_VARIABLE = YES;
				IPHONEOS_DEPLOYMENT_TARGET = 8.1;
				MTL_ENABLE_DEBUG_INFO = YES;
				ONLY_ACTIVE_ARCH = YES;
				SDKROOT = iphoneos;
				SWIFT_OPTIMIZATION_LEVEL = "-Onone";
				TARGETED_DEVICE_FAMILY = "1,2";
			};
			name = Debug;
		};
		52E822D81A441B680000353F /* Release */ = {
			isa = XCBuildConfiguration;
			buildSettings = {
				ALWAYS_SEARCH_USER_PATHS = NO;
				CLANG_CXX_LANGUAGE_STANDARD = "gnu++0x";
				CLANG_CXX_LIBRARY = "libc++";
				CLANG_ENABLE_MODULES = YES;
				CLANG_ENABLE_OBJC_ARC = YES;
				CLANG_WARN_BOOL_CONVERSION = YES;
				CLANG_WARN_CONSTANT_CONVERSION = YES;
				CLANG_WARN_DIRECT_OBJC_ISA_USAGE = YES_ERROR;
				CLANG_WARN_EMPTY_BODY = YES;
				CLANG_WARN_ENUM_CONVERSION = YES;
				CLANG_WARN_INT_CONVERSION = YES;
				CLANG_WARN_OBJC_ROOT_CLASS = YES_ERROR;
				CLANG_WARN_UNREACHABLE_CODE = YES;
				CLANG_WARN__DUPLICATE_METHOD_MATCH = YES;
				"CODE_SIGN_IDENTITY[sdk=iphoneos*]" = "iPhone Developer";
				COPY_PHASE_STRIP = YES;
				ENABLE_NS_ASSERTIONS = NO;
				ENABLE_STRICT_OBJC_MSGSEND = YES;
				GCC_C_LANGUAGE_STANDARD = gnu99;
				GCC_WARN_64_TO_32_BIT_CONVERSION = YES;
				GCC_WARN_ABOUT_RETURN_TYPE = YES_ERROR;
				GCC_WARN_UNDECLARED_SELECTOR = YES;
				GCC_WARN_UNINITIALIZED_AUTOS = YES_AGGRESSIVE;
				GCC_WARN_UNUSED_FUNCTION = YES;
				GCC_WARN_UNUSED_VARIABLE = YES;
				IPHONEOS_DEPLOYMENT_TARGET = 8.1;
				MTL_ENABLE_DEBUG_INFO = NO;
				SDKROOT = iphoneos;
				TARGETED_DEVICE_FAMILY = "1,2";
				VALIDATE_PRODUCT = YES;
			};
			name = Release;
		};
		52E822DA1A441B680000353F /* Debug */ = {
			isa = XCBuildConfiguration;
			buildSettings = {
				ASSETCATALOG_COMPILER_APPICON_NAME = AppIcon;
				INFOPLIST_FILE = CsvViewerSwift/Info.plist;
				LD_RUNPATH_SEARCH_PATHS = "$(inherited) @executable_path/Frameworks";
				PRODUCT_NAME = "$(TARGET_NAME)";
			};
			name = Debug;
		};
		52E822DB1A441B680000353F /* Release */ = {
			isa = XCBuildConfiguration;
			buildSettings = {
				ASSETCATALOG_COMPILER_APPICON_NAME = AppIcon;
				INFOPLIST_FILE = CsvViewerSwift/Info.plist;
				LD_RUNPATH_SEARCH_PATHS = "$(inherited) @executable_path/Frameworks";
				PRODUCT_NAME = "$(TARGET_NAME)";
			};
			name = Release;
		};
		52E822DD1A441B680000353F /* Debug */ = {
			isa = XCBuildConfiguration;
			buildSettings = {
				BUNDLE_LOADER = "$(TEST_HOST)";
				FRAMEWORK_SEARCH_PATHS = (
					"$(SDKROOT)/Developer/Library/Frameworks",
					"$(inherited)",
				);
				GCC_PREPROCESSOR_DEFINITIONS = (
					"DEBUG=1",
					"$(inherited)",
				);
				INFOPLIST_FILE = CsvViewerSwiftTests/Info.plist;
				LD_RUNPATH_SEARCH_PATHS = "$(inherited) @executable_path/Frameworks @loader_path/Frameworks";
				PRODUCT_NAME = "$(TARGET_NAME)";
				TEST_HOST = "$(BUILT_PRODUCTS_DIR)/CsvViewerSwift.app/CsvViewerSwift";
			};
			name = Debug;
		};
		52E822DE1A441B680000353F /* Release */ = {
			isa = XCBuildConfiguration;
			buildSettings = {
				BUNDLE_LOADER = "$(TEST_HOST)";
				FRAMEWORK_SEARCH_PATHS = (
					"$(SDKROOT)/Developer/Library/Frameworks",
					"$(inherited)",
				);
				INFOPLIST_FILE = CsvViewerSwiftTests/Info.plist;
				LD_RUNPATH_SEARCH_PATHS = "$(inherited) @executable_path/Frameworks @loader_path/Frameworks";
				PRODUCT_NAME = "$(TARGET_NAME)";
				TEST_HOST = "$(BUILT_PRODUCTS_DIR)/CsvViewerSwift.app/CsvViewerSwift";
			};
			name = Release;
		};
/* End XCBuildConfiguration section */

/* Begin XCConfigurationList section */
		52E822B51A441B680000353F /* Build configuration list for PBXProject "CsvViewerSwift" */ = {
			isa = XCConfigurationList;
			buildConfigurations = (
				52E822D71A441B680000353F /* Debug */,
				52E822D81A441B680000353F /* Release */,
			);
			defaultConfigurationIsVisible = 0;
			defaultConfigurationName = Release;
		};
		52E822D91A441B680000353F /* Build configuration list for PBXNativeTarget "CsvViewerSwift" */ = {
			isa = XCConfigurationList;
			buildConfigurations = (
				52E822DA1A441B680000353F /* Debug */,
				52E822DB1A441B680000353F /* Release */,
			);
			defaultConfigurationIsVisible = 0;
		};
		52E822DC1A441B680000353F /* Build configuration list for PBXNativeTarget "CsvViewerSwiftTests" */ = {
			isa = XCConfigurationList;
			buildConfigurations = (
				52E822DD1A441B680000353F /* Debug */,
				52E822DE1A441B680000353F /* Release */,
			);
			defaultConfigurationIsVisible = 0;
		};
/* End XCConfigurationList section */
	};
	rootObject = 52E822B21A441B680000353F /* Project object */;
}
