// !$*UTF8*$!
{
	archiveVersion = 1;
	classes = {
	};
	objectVersion = 46;
	objects = {

/* Begin PBXBuildFile section */
		4D4D5C891AAB353000946249 /* Speedo.sks in Resources */ = {isa = PBXBuildFile; fileRef = 4D4D5C881AAB353000946249 /* Speedo.sks */; };
		4D4D5C951AAB35DF00946249 /* 7748-normal.jpg in Resources */ = {isa = PBXBuildFile; fileRef = 4D4D5C8F1AAB35DF00946249 /* 7748-normal.jpg */; };
		4D4D5C961AAB35DF00946249 /* Glass.png in Resources */ = {isa = PBXBuildFile; fileRef = 4D4D5C901AAB35DF00946249 /* Glass.png */; };
		4D4D5C971AAB35DF00946249 /* Needle.png in Resources */ = {isa = PBXBuildFile; fileRef = 4D4D5C911AAB35DF00946249 /* Needle.png */; };
		4D4D5C981AAB35DF00946249 /* Numbers.atlas in Resources */ = {isa = PBXBuildFile; fileRef = 4D4D5C921AAB35DF00946249 /* Numbers.atlas */; };
		4D4D5C991AAB35DF00946249 /* Speedometer.png in Resources */ = {isa = PBXBuildFile; fileRef = 4D4D5C931AAB35DF00946249 /* Speedometer.png */; };
		4D4D5C9A1AAB35DF00946249 /* SpeedometerFront.png in Resources */ = {isa = PBXBuildFile; fileRef = 4D4D5C941AAB35DF00946249 /* SpeedometerFront.png */; };
		4D4D5C9C1AAB3AC300946249 /* Speedo.swift in Sources */ = {isa = PBXBuildFile; fileRef = 4D4D5C9B1AAB3AC300946249 /* Speedo.swift */; };
		4DDB76031AA1DA5B00313216 /* AppDelegate.swift in Sources */ = {isa = PBXBuildFile; fileRef = 4DDB76021AA1DA5B00313216 /* AppDelegate.swift */; };
		4DDB76051AA1DA5B00313216 /* ViewController.swift in Sources */ = {isa = PBXBuildFile; fileRef = 4DDB76041AA1DA5B00313216 /* ViewController.swift */; };
		4DDB76081AA1DA5B00313216 /* Main.storyboard in Resources */ = {isa = PBXBuildFile; fileRef = 4DDB76061AA1DA5B00313216 /* Main.storyboard */; };
		4DDB760A1AA1DA5B00313216 /* Images.xcassets in Resources */ = {isa = PBXBuildFile; fileRef = 4DDB76091AA1DA5B00313216 /* Images.xcassets */; };
		4DDB760D1AA1DA5B00313216 /* LaunchScreen.xib in Resources */ = {isa = PBXBuildFile; fileRef = 4DDB760B1AA1DA5B00313216 /* LaunchScreen.xib */; };
		4DDB76191AA1DA5B00313216 /* SKTests.swift in Sources */ = {isa = PBXBuildFile; fileRef = 4DDB76181AA1DA5B00313216 /* SKTests.swift */; };
/* End PBXBuildFile section */

/* Begin PBXContainerItemProxy section */
		4DDB76131AA1DA5B00313216 /* PBXContainerItemProxy */ = {
			isa = PBXContainerItemProxy;
			containerPortal = 4DDB75F51AA1DA5B00313216 /* Project object */;
			proxyType = 1;
			remoteGlobalIDString = 4DDB75FC1AA1DA5B00313216;
			remoteInfo = SK;
		};
/* End PBXContainerItemProxy section */

/* Begin PBXFileReference section */
		4D4D5C881AAB353000946249 /* Speedo.sks */ = {isa = PBXFileReference; lastKnownFileType = file.sks; path = Speedo.sks; sourceTree = "<group>"; };
		4D4D5C8F1AAB35DF00946249 /* 7748-normal.jpg */ = {isa = PBXFileReference; lastKnownFileType = image.jpeg; path = "7748-normal.jpg"; sourceTree = "<group>"; };
		4D4D5C901AAB35DF00946249 /* Glass.png */ = {isa = PBXFileReference; lastKnownFileType = image.png; path = Glass.png; sourceTree = "<group>"; };
		4D4D5C911AAB35DF00946249 /* Needle.png */ = {isa = PBXFileReference; lastKnownFileType = image.png; path = Needle.png; sourceTree = "<group>"; };
		4D4D5C921AAB35DF00946249 /* Numbers.atlas */ = {isa = PBXFileReference; lastKnownFileType = folder.skatlas; path = Numbers.atlas; sourceTree = "<group>"; };
		4D4D5C931AAB35DF00946249 /* Speedometer.png */ = {isa = PBXFileReference; lastKnownFileType = image.png; path = Speedometer.png; sourceTree = "<group>"; };
		4D4D5C941AAB35DF00946249 /* SpeedometerFront.png */ = {isa = PBXFileReference; lastKnownFileType = image.png; path = SpeedometerFront.png; sourceTree = "<group>"; };
		4D4D5C9B1AAB3AC300946249 /* Speedo.swift */ = {isa = PBXFileReference; fileEncoding = 4; lastKnownFileType = sourcecode.swift; path = Speedo.swift; sourceTree = "<group>"; };
		4DDB75FD1AA1DA5B00313216 /* SK.app */ = {isa = PBXFileReference; explicitFileType = wrapper.application; includeInIndex = 0; path = SK.app; sourceTree = BUILT_PRODUCTS_DIR; };
		4DDB76011AA1DA5B00313216 /* Info.plist */ = {isa = PBXFileReference; lastKnownFileType = text.plist.xml; path = Info.plist; sourceTree = "<group>"; };
		4DDB76021AA1DA5B00313216 /* AppDelegate.swift */ = {isa = PBXFileReference; lastKnownFileType = sourcecode.swift; path = AppDelegate.swift; sourceTree = "<group>"; };
		4DDB76041AA1DA5B00313216 /* ViewController.swift */ = {isa = PBXFileReference; lastKnownFileType = sourcecode.swift; path = ViewController.swift; sourceTree = "<group>"; };
		4DDB76071AA1DA5B00313216 /* Base */ = {isa = PBXFileReference; lastKnownFileType = file.storyboard; name = Base; path = Base.lproj/Main.storyboard; sourceTree = "<group>"; };
		4DDB76091AA1DA5B00313216 /* Images.xcassets */ = {isa = PBXFileReference; lastKnownFileType = folder.assetcatalog; path = Images.xcassets; sourceTree = "<group>"; };
		4DDB760C1AA1DA5B00313216 /* Base */ = {isa = PBXFileReference; lastKnownFileType = file.xib; name = Base; path = Base.lproj/LaunchScreen.xib; sourceTree = "<group>"; };
		4DDB76121AA1DA5B00313216 /* SKTests.xctest */ = {isa = PBXFileReference; explicitFileType = wrapper.cfbundle; includeInIndex = 0; path = SKTests.xctest; sourceTree = BUILT_PRODUCTS_DIR; };
		4DDB76171AA1DA5B00313216 /* Info.plist */ = {isa = PBXFileReference; lastKnownFileType = text.plist.xml; path = Info.plist; sourceTree = "<group>"; };
		4DDB76181AA1DA5B00313216 /* SKTests.swift */ = {isa = PBXFileReference; lastKnownFileType = sourcecode.swift; path = SKTests.swift; sourceTree = "<group>"; };
/* End PBXFileReference section */

/* Begin PBXFrameworksBuildPhase section */
		4DDB75FA1AA1DA5B00313216 /* Frameworks */ = {
			isa = PBXFrameworksBuildPhase;
			buildActionMask = 2147483647;
			files = (
			);
			runOnlyForDeploymentPostprocessing = 0;
		};
		4DDB760F1AA1DA5B00313216 /* Frameworks */ = {
			isa = PBXFrameworksBuildPhase;
			buildActionMask = 2147483647;
			files = (
			);
			runOnlyForDeploymentPostprocessing = 0;
		};
/* End PBXFrameworksBuildPhase section */

/* Begin PBXGroup section */
		4D4D5C8E1AAB35CC00946249 /* Asset */ = {
			isa = PBXGroup;
			children = (
				4D4D5C8F1AAB35DF00946249 /* 7748-normal.jpg */,
				4D4D5C901AAB35DF00946249 /* Glass.png */,
				4D4D5C911AAB35DF00946249 /* Needle.png */,
				4D4D5C921AAB35DF00946249 /* Numbers.atlas */,
				4D4D5C931AAB35DF00946249 /* Speedometer.png */,
				4D4D5C941AAB35DF00946249 /* SpeedometerFront.png */,
			);
			name = Asset;
			sourceTree = "<group>";
		};
		4DDB75F41AA1DA5B00313216 = {
			isa = PBXGroup;
			children = (
				4DDB75FF1AA1DA5B00313216 /* SK */,
				4DDB76151AA1DA5B00313216 /* SKTests */,
				4DDB75FE1AA1DA5B00313216 /* Products */,
			);
			sourceTree = "<group>";
		};
		4DDB75FE1AA1DA5B00313216 /* Products */ = {
			isa = PBXGroup;
			children = (
				4DDB75FD1AA1DA5B00313216 /* SK.app */,
				4DDB76121AA1DA5B00313216 /* SKTests.xctest */,
			);
			name = Products;
			sourceTree = "<group>";
		};
		4DDB75FF1AA1DA5B00313216 /* SK */ = {
			isa = PBXGroup;
			children = (
				4D4D5C8E1AAB35CC00946249 /* Asset */,
				4DDB76021AA1DA5B00313216 /* AppDelegate.swift */,
				4DDB76041AA1DA5B00313216 /* ViewController.swift */,
				4DDB76061AA1DA5B00313216 /* Main.storyboard */,
				4DDB76091AA1DA5B00313216 /* Images.xcassets */,
				4DDB760B1AA1DA5B00313216 /* LaunchScreen.xib */,
				4DDB76001AA1DA5B00313216 /* Supporting Files */,
				4D4D5C881AAB353000946249 /* Speedo.sks */,
				4D4D5C9B1AAB3AC300946249 /* Speedo.swift */,
			);
			path = SK;
			sourceTree = "<group>";
		};
		4DDB76001AA1DA5B00313216 /* Supporting Files */ = {
			isa = PBXGroup;
			children = (
				4DDB76011AA1DA5B00313216 /* Info.plist */,
			);
			name = "Supporting Files";
			sourceTree = "<group>";
		};
		4DDB76151AA1DA5B00313216 /* SKTests */ = {
			isa = PBXGroup;
			children = (
				4DDB76181AA1DA5B00313216 /* SKTests.swift */,
				4DDB76161AA1DA5B00313216 /* Supporting Files */,
			);
			path = SKTests;
			sourceTree = "<group>";
		};
		4DDB76161AA1DA5B00313216 /* Supporting Files */ = {
			isa = PBXGroup;
			children = (
				4DDB76171AA1DA5B00313216 /* Info.plist */,
			);
			name = "Supporting Files";
			sourceTree = "<group>";
		};
/* End PBXGroup section */

/* Begin PBXNativeTarget section */
		4DDB75FC1AA1DA5B00313216 /* SK */ = {
			isa = PBXNativeTarget;
			buildConfigurationList = 4DDB761C1AA1DA5B00313216 /* Build configuration list for PBXNativeTarget "SK" */;
			buildPhases = (
				4DDB75F91AA1DA5B00313216 /* Sources */,
				4DDB75FA1AA1DA5B00313216 /* Frameworks */,
				4DDB75FB1AA1DA5B00313216 /* Resources */,
			);
			buildRules = (
			);
			dependencies = (
			);
			name = SK;
			productName = SK;
			productReference = 4DDB75FD1AA1DA5B00313216 /* SK.app */;
			productType = "com.apple.product-type.application";
		};
		4DDB76111AA1DA5B00313216 /* SKTests */ = {
			isa = PBXNativeTarget;
			buildConfigurationList = 4DDB761F1AA1DA5B00313216 /* Build configuration list for PBXNativeTarget "SKTests" */;
			buildPhases = (
				4DDB760E1AA1DA5B00313216 /* Sources */,
				4DDB760F1AA1DA5B00313216 /* Frameworks */,
				4DDB76101AA1DA5B00313216 /* Resources */,
			);
			buildRules = (
			);
			dependencies = (
				4DDB76141AA1DA5B00313216 /* PBXTargetDependency */,
			);
			name = SKTests;
			productName = SKTests;
			productReference = 4DDB76121AA1DA5B00313216 /* SKTests.xctest */;
			productType = "com.apple.product-type.bundle.unit-test";
		};
/* End PBXNativeTarget section */

/* Begin PBXProject section */
		4DDB75F51AA1DA5B00313216 /* Project object */ = {
			isa = PBXProject;
			attributes = {
				LastUpgradeCheck = 0610;
				ORGANIZATIONNAME = "Iacopo Peri";
				TargetAttributes = {
					4DDB75FC1AA1DA5B00313216 = {
						CreatedOnToolsVersion = 6.1.1;
					};
					4DDB76111AA1DA5B00313216 = {
						CreatedOnToolsVersion = 6.1.1;
						TestTargetID = 4DDB75FC1AA1DA5B00313216;
					};
				};
			};
			buildConfigurationList = 4DDB75F81AA1DA5B00313216 /* Build configuration list for PBXProject "SK" */;
			compatibilityVersion = "Xcode 3.2";
			developmentRegion = English;
			hasScannedForEncodings = 0;
			knownRegions = (
				en,
				Base,
			);
			mainGroup = 4DDB75F41AA1DA5B00313216;
			productRefGroup = 4DDB75FE1AA1DA5B00313216 /* Products */;
			projectDirPath = "";
			projectRoot = "";
			targets = (
				4DDB75FC1AA1DA5B00313216 /* SK */,
				4DDB76111AA1DA5B00313216 /* SKTests */,
			);
		};
/* End PBXProject section */

/* Begin PBXResourcesBuildPhase section */
		4DDB75FB1AA1DA5B00313216 /* Resources */ = {
			isa = PBXResourcesBuildPhase;
			buildActionMask = 2147483647;
			files = (
				4DDB76081AA1DA5B00313216 /* Main.storyboard in Resources */,
				4DDB760D1AA1DA5B00313216 /* LaunchScreen.xib in Resources */,
				4D4D5C951AAB35DF00946249 /* 7748-normal.jpg in Resources */,
				4D4D5C971AAB35DF00946249 /* Needle.png in Resources */,
				4D4D5C981AAB35DF00946249 /* Numbers.atlas in Resources */,
				4D4D5C891AAB353000946249 /* Speedo.sks in Resources */,
				4D4D5C961AAB35DF00946249 /* Glass.png in Resources */,
				4D4D5C9A1AAB35DF00946249 /* SpeedometerFront.png in Resources */,
				4D4D5C991AAB35DF00946249 /* Speedometer.png in Resources */,
				4DDB760A1AA1DA5B00313216 /* Images.xcassets in Resources */,
			);
			runOnlyForDeploymentPostprocessing = 0;
		};
		4DDB76101AA1DA5B00313216 /* Resources */ = {
			isa = PBXResourcesBuildPhase;
			buildActionMask = 2147483647;
			files = (
			);
			runOnlyForDeploymentPostprocessing = 0;
		};
/* End PBXResourcesBuildPhase section */

/* Begin PBXSourcesBuildPhase section */
		4DDB75F91AA1DA5B00313216 /* Sources */ = {
			isa = PBXSourcesBuildPhase;
			buildActionMask = 2147483647;
			files = (
				4DDB76051AA1DA5B00313216 /* ViewController.swift in Sources */,
				4DDB76031AA1DA5B00313216 /* AppDelegate.swift in Sources */,
				4D4D5C9C1AAB3AC300946249 /* Speedo.swift in Sources */,
			);
			runOnlyForDeploymentPostprocessing = 0;
		};
		4DDB760E1AA1DA5B00313216 /* Sources */ = {
			isa = PBXSourcesBuildPhase;
			buildActionMask = 2147483647;
			files = (
				4DDB76191AA1DA5B00313216 /* SKTests.swift in Sources */,
			);
			runOnlyForDeploymentPostprocessing = 0;
		};
/* End PBXSourcesBuildPhase section */

/* Begin PBXTargetDependency section */
		4DDB76141AA1DA5B00313216 /* PBXTargetDependency */ = {
			isa = PBXTargetDependency;
			target = 4DDB75FC1AA1DA5B00313216 /* SK */;
			targetProxy = 4DDB76131AA1DA5B00313216 /* PBXContainerItemProxy */;
		};
/* End PBXTargetDependency section */

/* Begin PBXVariantGroup section */
		4DDB76061AA1DA5B00313216 /* Main.storyboard */ = {
			isa = PBXVariantGroup;
			children = (
				4DDB76071AA1DA5B00313216 /* Base */,
			);
			name = Main.storyboard;
			sourceTree = "<group>";
		};
		4DDB760B1AA1DA5B00313216 /* LaunchScreen.xib */ = {
			isa = PBXVariantGroup;
			children = (
				4DDB760C1AA1DA5B00313216 /* Base */,
			);
			name = LaunchScreen.xib;
			sourceTree = "<group>";
		};
/* End PBXVariantGroup section */

/* Begin XCBuildConfiguration section */
		4DDB761A1AA1DA5B00313216 /* Debug */ = {
			isa = XCBuildConfiguration;
			buildSettings = {
				ALWAYS_SEARCH_USER_PATHS = NO;
				CLANG_CXX_LANGUAGE_STANDARD = "gnu++0x";
				CLANG_CXX_LIBRARY = "libc++";
				CLANG_ENABLE_MODULES = YES;
				CLANG_ENABLE_OBJC_ARC = YES;
				CLANG_WARN_BOOL_CONVERSION = YES;
				CLANG_WARN_CONSTANT_CONVERSION = YES;
				CLANG_WARN_DIRECT_OBJC_ISA_USAGE = YES_ERROR;
				CLANG_WARN_EMPTY_BODY = YES;
				CLANG_WARN_ENUM_CONVERSION = YES;
				CLANG_WARN_INT_CONVERSION = YES;
				CLANG_WARN_OBJC_ROOT_CLASS = YES_ERROR;
				CLANG_WARN_UNREACHABLE_CODE = YES;
				CLANG_WARN__DUPLICATE_METHOD_MATCH = YES;
				"CODE_SIGN_IDENTITY[sdk=iphoneos*]" = "iPhone Developer";
				COPY_PHASE_STRIP = NO;
				ENABLE_STRICT_OBJC_MSGSEND = YES;
				GCC_C_LANGUAGE_STANDARD = gnu99;
				GCC_DYNAMIC_NO_PIC = NO;
				GCC_OPTIMIZATION_LEVEL = 0;
				GCC_PREPROCESSOR_DEFINITIONS = (
					"DEBUG=1",
					"$(inherited)",
				);
				GCC_SYMBOLS_PRIVATE_EXTERN = NO;
				GCC_WARN_64_TO_32_BIT_CONVERSION = YES;
				GCC_WARN_ABOUT_RETURN_TYPE = YES_ERROR;
				GCC_WARN_UNDECLARED_SELECTOR = YES;
				GCC_WARN_UNINITIALIZED_AUTOS = YES_AGGRESSIVE;
				GCC_WARN_UNUSED_FUNCTION = YES;
				GCC_WARN_UNUSED_VARIABLE = YES;
				IPHONEOS_DEPLOYMENT_TARGET = 8.1;
				MTL_ENABLE_DEBUG_INFO = YES;
				ONLY_ACTIVE_ARCH = YES;
				SDKROOT = iphoneos;
				SWIFT_OPTIMIZATION_LEVEL = "-Onone";
				TARGETED_DEVICE_FAMILY = "1,2";
			};
			name = Debug;
		};
		4DDB761B1AA1DA5B00313216 /* Release */ = {
			isa = XCBuildConfiguration;
			buildSettings = {
				ALWAYS_SEARCH_USER_PATHS = NO;
				CLANG_CXX_LANGUAGE_STANDARD = "gnu++0x";
				CLANG_CXX_LIBRARY = "libc++";
				CLANG_ENABLE_MODULES = YES;
				CLANG_ENABLE_OBJC_ARC = YES;
				CLANG_WARN_BOOL_CONVERSION = YES;
				CLANG_WARN_CONSTANT_CONVERSION = YES;
				CLANG_WARN_DIRECT_OBJC_ISA_USAGE = YES_ERROR;
				CLANG_WARN_EMPTY_BODY = YES;
				CLANG_WARN_ENUM_CONVERSION = YES;
				CLANG_WARN_INT_CONVERSION = YES;
				CLANG_WARN_OBJC_ROOT_CLASS = YES_ERROR;
				CLANG_WARN_UNREACHABLE_CODE = YES;
				CLANG_WARN__DUPLICATE_METHOD_MATCH = YES;
				"CODE_SIGN_IDENTITY[sdk=iphoneos*]" = "iPhone Developer";
				COPY_PHASE_STRIP = YES;
				ENABLE_NS_ASSERTIONS = NO;
				ENABLE_STRICT_OBJC_MSGSEND = YES;
				GCC_C_LANGUAGE_STANDARD = gnu99;
				GCC_WARN_64_TO_32_BIT_CONVERSION = YES;
				GCC_WARN_ABOUT_RETURN_TYPE = YES_ERROR;
				GCC_WARN_UNDECLARED_SELECTOR = YES;
				GCC_WARN_UNINITIALIZED_AUTOS = YES_AGGRESSIVE;
				GCC_WARN_UNUSED_FUNCTION = YES;
				GCC_WARN_UNUSED_VARIABLE = YES;
				IPHONEOS_DEPLOYMENT_TARGET = 8.1;
				MTL_ENABLE_DEBUG_INFO = NO;
				SDKROOT = iphoneos;
				TARGETED_DEVICE_FAMILY = "1,2";
				VALIDATE_PRODUCT = YES;
			};
			name = Release;
		};
		4DDB761D1AA1DA5B00313216 /* Debug */ = {
			isa = XCBuildConfiguration;
			buildSettings = {
				ASSETCATALOG_COMPILER_APPICON_NAME = AppIcon;
				INFOPLIST_FILE = SK/Info.plist;
				LD_RUNPATH_SEARCH_PATHS = "$(inherited) @executable_path/Frameworks";
				PRODUCT_NAME = "$(TARGET_NAME)";
			};
			name = Debug;
		};
		4DDB761E1AA1DA5B00313216 /* Release */ = {
			isa = XCBuildConfiguration;
			buildSettings = {
				ASSETCATALOG_COMPILER_APPICON_NAME = AppIcon;
				INFOPLIST_FILE = SK/Info.plist;
				LD_RUNPATH_SEARCH_PATHS = "$(inherited) @executable_path/Frameworks";
				PRODUCT_NAME = "$(TARGET_NAME)";
			};
			name = Release;
		};
		4DDB76201AA1DA5B00313216 /* Debug */ = {
			isa = XCBuildConfiguration;
			buildSettings = {
				BUNDLE_LOADER = "$(TEST_HOST)";
				FRAMEWORK_SEARCH_PATHS = (
					"$(SDKROOT)/Developer/Library/Frameworks",
					"$(inherited)",
				);
				GCC_PREPROCESSOR_DEFINITIONS = (
					"DEBUG=1",
					"$(inherited)",
				);
				INFOPLIST_FILE = SKTests/Info.plist;
				LD_RUNPATH_SEARCH_PATHS = "$(inherited) @executable_path/Frameworks @loader_path/Frameworks";
				PRODUCT_NAME = "$(TARGET_NAME)";
				TEST_HOST = "$(BUILT_PRODUCTS_DIR)/SK.app/SK";
			};
			name = Debug;
		};
		4DDB76211AA1DA5B00313216 /* Release */ = {
			isa = XCBuildConfiguration;
			buildSettings = {
				BUNDLE_LOADER = "$(TEST_HOST)";
				FRAMEWORK_SEARCH_PATHS = (
					"$(SDKROOT)/Developer/Library/Frameworks",
					"$(inherited)",
				);
				INFOPLIST_FILE = SKTests/Info.plist;
				LD_RUNPATH_SEARCH_PATHS = "$(inherited) @executable_path/Frameworks @loader_path/Frameworks";
				PRODUCT_NAME = "$(TARGET_NAME)";
				TEST_HOST = "$(BUILT_PRODUCTS_DIR)/SK.app/SK";
			};
			name = Release;
		};
/* End XCBuildConfiguration section */

/* Begin XCConfigurationList section */
		4DDB75F81AA1DA5B00313216 /* Build configuration list for PBXProject "SK" */ = {
			isa = XCConfigurationList;
			buildConfigurations = (
				4DDB761A1AA1DA5B00313216 /* Debug */,
				4DDB761B1AA1DA5B00313216 /* Release */,
			);
			defaultConfigurationIsVisible = 0;
			defaultConfigurationName = Release;
		};
		4DDB761C1AA1DA5B00313216 /* Build configuration list for PBXNativeTarget "SK" */ = {
			isa = XCConfigurationList;
			buildConfigurations = (
				4DDB761D1AA1DA5B00313216 /* Debug */,
				4DDB761E1AA1DA5B00313216 /* Release */,
			);
			defaultConfigurationIsVisible = 0;
			defaultConfigurationName = Release;
		};
		4DDB761F1AA1DA5B00313216 /* Build configuration list for PBXNativeTarget "SKTests" */ = {
			isa = XCConfigurationList;
			buildConfigurations = (
				4DDB76201AA1DA5B00313216 /* Debug */,
				4DDB76211AA1DA5B00313216 /* Release */,
			);
			defaultConfigurationIsVisible = 0;
			defaultConfigurationName = Release;
		};
/* End XCConfigurationList section */
	};
	rootObject = 4DDB75F51AA1DA5B00313216 /* Project object */;
}
