// !$*UTF8*$!
{
	archiveVersion = 1;
	classes = {
	};
	objectVersion = 46;
	objects = {

/* Begin PBXBuildFile section */
		4D04820D1B18852800289B41 /* ago3.png in Resources */ = {isa = PBXBuildFile; fileRef = 4D04820C1B18852800289B41 /* ago3.png */; };
		4D30E7E11B346F7800C0EE33 /* UtilityFunction.swift in Sources */ = {isa = PBXBuildFile; fileRef = 4D30E7E01B346F7800C0EE33 /* UtilityFunction.swift */; };
		4D30E7E41B34A4E800C0EE33 /* budmo-jiggler.ttf in Resources */ = {isa = PBXBuildFile; fileRef = 4D30E7E21B34A4E800C0EE33 /* budmo-jiggler.ttf */; };
		4D30E7E51B34A4E800C0EE33 /* budmo-jigglish.ttf in Resources */ = {isa = PBXBuildFile; fileRef = 4D30E7E31B34A4E800C0EE33 /* budmo-jigglish.ttf */; };
		4D30E7E81B34A91C00C0EE33 /* Flame.ttf in Resources */ = {isa = PBXBuildFile; fileRef = 4D30E7E71B34A91C00C0EE33 /* Flame.ttf */; };
		4D30E7EA1B34AAA500C0EE33 /* Blazed.ttf in Resources */ = {isa = PBXBuildFile; fileRef = 4D30E7E91B34AAA500C0EE33 /* Blazed.ttf */; };
		4D30E8141B34F5CD00C0EE33 /* CGFloat+Extensions.swift in Sources */ = {isa = PBXBuildFile; fileRef = 4D30E8081B34F5CD00C0EE33 /* CGFloat+Extensions.swift */; };
		4D30E8151B34F5CD00C0EE33 /* CGPoint+Extensions.swift in Sources */ = {isa = PBXBuildFile; fileRef = 4D30E8091B34F5CD00C0EE33 /* CGPoint+Extensions.swift */; };
		4D30E8161B34F5CD00C0EE33 /* CGVector+Extensions.swift in Sources */ = {isa = PBXBuildFile; fileRef = 4D30E80A1B34F5CD00C0EE33 /* CGVector+Extensions.swift */; };
		4D30E8171B34F5CD00C0EE33 /* Int+Extensions.swift in Sources */ = {isa = PBXBuildFile; fileRef = 4D30E80B1B34F5CD00C0EE33 /* Int+Extensions.swift */; };
		4D30E8181B34F5CD00C0EE33 /* SKAction+Extensions.swift in Sources */ = {isa = PBXBuildFile; fileRef = 4D30E80C1B34F5CD00C0EE33 /* SKAction+Extensions.swift */; };
		4D30E8191B34F5CD00C0EE33 /* SKAction+SpecialEffects.swift in Sources */ = {isa = PBXBuildFile; fileRef = 4D30E80D1B34F5CD00C0EE33 /* SKAction+SpecialEffects.swift */; };
		4D30E81A1B34F5CD00C0EE33 /* SKColor+Extensions.swift in Sources */ = {isa = PBXBuildFile; fileRef = 4D30E80E1B34F5CD00C0EE33 /* SKColor+Extensions.swift */; };
		4D30E81B1B34F5CD00C0EE33 /* SKNode+Extensions.swift in Sources */ = {isa = PBXBuildFile; fileRef = 4D30E80F1B34F5CD00C0EE33 /* SKNode+Extensions.swift */; };
		4D30E81C1B34F5CD00C0EE33 /* SKTAudio.swift in Sources */ = {isa = PBXBuildFile; fileRef = 4D30E8101B34F5CD00C0EE33 /* SKTAudio.swift */; };
		4D30E81D1B34F5CD00C0EE33 /* SKTEffects.swift in Sources */ = {isa = PBXBuildFile; fileRef = 4D30E8111B34F5CD00C0EE33 /* SKTEffects.swift */; };
		4D30E81E1B34F5CD00C0EE33 /* SKTTimingFunctions.swift in Sources */ = {isa = PBXBuildFile; fileRef = 4D30E8121B34F5CD00C0EE33 /* SKTTimingFunctions.swift */; };
		4D30E81F1B34F5CD00C0EE33 /* Vector3.swift in Sources */ = {isa = PBXBuildFile; fileRef = 4D30E8131B34F5CD00C0EE33 /* Vector3.swift */; };
		4D30E8221B355D7B00C0EE33 /* SmokeBrake.sks in Resources */ = {isa = PBXBuildFile; fileRef = 4D30E8201B355D7B00C0EE33 /* SmokeBrake.sks */; };
		4D30E8231B355D7B00C0EE33 /* spark.png in Resources */ = {isa = PBXBuildFile; fileRef = 4D30E8211B355D7B00C0EE33 /* spark.png */; };
		4D8456031B13C49B007269B8 /* primaprova.png in Resources */ = {isa = PBXBuildFile; fileRef = 4D8456021B13C49B007269B8 /* primaprova.png */; };
		4DD120451B18C35200D4B299 /* ago5.png in Resources */ = {isa = PBXBuildFile; fileRef = 4DD120441B18C35200D4B299 /* ago5.png */; };
		4DD1BC1D1AAE23650050B018 /* Speedo.sks in Resources */ = {isa = PBXBuildFile; fileRef = 4DD1BC1C1AAE23650050B018 /* Speedo.sks */; };
		4DD1BC1F1AAE23850050B018 /* Speedo.swift in Sources */ = {isa = PBXBuildFile; fileRef = 4DD1BC1E1AAE23850050B018 /* Speedo.swift */; };
		4DE7D57E1B18945A00A13773 /* ago4.png in Resources */ = {isa = PBXBuildFile; fileRef = 4DE7D57D1B18945A00A13773 /* ago4.png */; };
		EB22B0AA1A6BD2E000FED987 /* AppDelegate.swift in Sources */ = {isa = PBXBuildFile; fileRef = EB22B0A91A6BD2E000FED987 /* AppDelegate.swift */; };
		EB22B0AC1A6BD2E000FED987 /* ViewController.swift in Sources */ = {isa = PBXBuildFile; fileRef = EB22B0AB1A6BD2E000FED987 /* ViewController.swift */; };
		EB22B0AF1A6BD2E000FED987 /* Main.storyboard in Resources */ = {isa = PBXBuildFile; fileRef = EB22B0AD1A6BD2E000FED987 /* Main.storyboard */; };
		EB22B0B11A6BD2E000FED987 /* Images.xcassets in Resources */ = {isa = PBXBuildFile; fileRef = EB22B0B01A6BD2E000FED987 /* Images.xcassets */; };
		EB22B0B41A6BD2E000FED987 /* LaunchScreen.xib in Resources */ = {isa = PBXBuildFile; fileRef = EB22B0B21A6BD2E000FED987 /* LaunchScreen.xib */; };
		EB22B0C01A6BD2E000FED987 /* CatchTheSpeedTests.swift in Sources */ = {isa = PBXBuildFile; fileRef = EB22B0BF1A6BD2E000FED987 /* CatchTheSpeedTests.swift */; };
		EB22B0CE1A6C1D5500FED987 /* AcceleratorView.swift in Sources */ = {isa = PBXBuildFile; fileRef = EB22B0CD1A6C1D5500FED987 /* AcceleratorView.swift */; };
/* End PBXBuildFile section */

/* Begin PBXContainerItemProxy section */
		EB22B0BA1A6BD2E000FED987 /* PBXContainerItemProxy */ = {
			isa = PBXContainerItemProxy;
			containerPortal = EB22B09C1A6BD2E000FED987 /* Project object */;
			proxyType = 1;
			remoteGlobalIDString = EB22B0A31A6BD2E000FED987;
			remoteInfo = CatchTheSpeed;
		};
/* End PBXContainerItemProxy section */

/* Begin PBXFileReference section */
		4D04820C1B18852800289B41 /* ago3.png */ = {isa = PBXFileReference; lastKnownFileType = image.png; path = ago3.png; sourceTree = "<group>"; };
		4D30E7E01B346F7800C0EE33 /* UtilityFunction.swift */ = {isa = PBXFileReference; fileEncoding = 4; lastKnownFileType = sourcecode.swift; path = UtilityFunction.swift; sourceTree = "<group>"; };
		4D30E7E21B34A4E800C0EE33 /* budmo-jiggler.ttf */ = {isa = PBXFileReference; lastKnownFileType = file; path = "budmo-jiggler.ttf"; sourceTree = "<group>"; };
		4D30E7E31B34A4E800C0EE33 /* budmo-jigglish.ttf */ = {isa = PBXFileReference; lastKnownFileType = file; path = "budmo-jigglish.ttf"; sourceTree = "<group>"; };
		4D30E7E71B34A91C00C0EE33 /* Flame.ttf */ = {isa = PBXFileReference; lastKnownFileType = file; path = Flame.ttf; sourceTree = "<group>"; };
		4D30E7E91B34AAA500C0EE33 /* Blazed.ttf */ = {isa = PBXFileReference; lastKnownFileType = file; path = Blazed.ttf; sourceTree = "<group>"; };
		4D30E8081B34F5CD00C0EE33 /* CGFloat+Extensions.swift */ = {isa = PBXFileReference; fileEncoding = 4; lastKnownFileType = sourcecode.swift; path = "CGFloat+Extensions.swift"; sourceTree = "<group>"; };
		4D30E8091B34F5CD00C0EE33 /* CGPoint+Extensions.swift */ = {isa = PBXFileReference; fileEncoding = 4; lastKnownFileType = sourcecode.swift; path = "CGPoint+Extensions.swift"; sourceTree = "<group>"; };
		4D30E80A1B34F5CD00C0EE33 /* CGVector+Extensions.swift */ = {isa = PBXFileReference; fileEncoding = 4; lastKnownFileType = sourcecode.swift; path = "CGVector+Extensions.swift"; sourceTree = "<group>"; };
		4D30E80B1B34F5CD00C0EE33 /* Int+Extensions.swift */ = {isa = PBXFileReference; fileEncoding = 4; lastKnownFileType = sourcecode.swift; path = "Int+Extensions.swift"; sourceTree = "<group>"; };
		4D30E80C1B34F5CD00C0EE33 /* SKAction+Extensions.swift */ = {isa = PBXFileReference; fileEncoding = 4; lastKnownFileType = sourcecode.swift; path = "SKAction+Extensions.swift"; sourceTree = "<group>"; };
		4D30E80D1B34F5CD00C0EE33 /* SKAction+SpecialEffects.swift */ = {isa = PBXFileReference; fileEncoding = 4; lastKnownFileType = sourcecode.swift; path = "SKAction+SpecialEffects.swift"; sourceTree = "<group>"; };
		4D30E80E1B34F5CD00C0EE33 /* SKColor+Extensions.swift */ = {isa = PBXFileReference; fileEncoding = 4; lastKnownFileType = sourcecode.swift; path = "SKColor+Extensions.swift"; sourceTree = "<group>"; };
		4D30E80F1B34F5CD00C0EE33 /* SKNode+Extensions.swift */ = {isa = PBXFileReference; fileEncoding = 4; lastKnownFileType = sourcecode.swift; path = "SKNode+Extensions.swift"; sourceTree = "<group>"; };
		4D30E8101B34F5CD00C0EE33 /* SKTAudio.swift */ = {isa = PBXFileReference; fileEncoding = 4; lastKnownFileType = sourcecode.swift; path = SKTAudio.swift; sourceTree = "<group>"; };
		4D30E8111B34F5CD00C0EE33 /* SKTEffects.swift */ = {isa = PBXFileReference; fileEncoding = 4; lastKnownFileType = sourcecode.swift; path = SKTEffects.swift; sourceTree = "<group>"; };
		4D30E8121B34F5CD00C0EE33 /* SKTTimingFunctions.swift */ = {isa = PBXFileReference; fileEncoding = 4; lastKnownFileType = sourcecode.swift; path = SKTTimingFunctions.swift; sourceTree = "<group>"; };
		4D30E8131B34F5CD00C0EE33 /* Vector3.swift */ = {isa = PBXFileReference; fileEncoding = 4; lastKnownFileType = sourcecode.swift; path = Vector3.swift; sourceTree = "<group>"; };
		4D30E8201B355D7B00C0EE33 /* SmokeBrake.sks */ = {isa = PBXFileReference; lastKnownFileType = file.sks; path = SmokeBrake.sks; sourceTree = "<group>"; };
		4D30E8211B355D7B00C0EE33 /* spark.png */ = {isa = PBXFileReference; lastKnownFileType = image.png; path = spark.png; sourceTree = "<group>"; };
		4D8456021B13C49B007269B8 /* primaprova.png */ = {isa = PBXFileReference; lastKnownFileType = image.png; path = primaprova.png; sourceTree = "<group>"; };
		4DD120441B18C35200D4B299 /* ago5.png */ = {isa = PBXFileReference; lastKnownFileType = image.png; path = ago5.png; sourceTree = "<group>"; };
		4DD1BC1C1AAE23650050B018 /* Speedo.sks */ = {isa = PBXFileReference; lastKnownFileType = file.sks; path = Speedo.sks; sourceTree = "<group>"; };
		4DD1BC1E1AAE23850050B018 /* Speedo.swift */ = {isa = PBXFileReference; fileEncoding = 4; lastKnownFileType = sourcecode.swift; path = Speedo.swift; sourceTree = "<group>"; };
		4DE7D57D1B18945A00A13773 /* ago4.png */ = {isa = PBXFileReference; lastKnownFileType = image.png; path = ago4.png; sourceTree = "<group>"; };
		EB22B0A41A6BD2E000FED987 /* CatchTheSpeed.app */ = {isa = PBXFileReference; explicitFileType = wrapper.application; includeInIndex = 0; path = CatchTheSpeed.app; sourceTree = BUILT_PRODUCTS_DIR; };
		EB22B0A81A6BD2E000FED987 /* Info.plist */ = {isa = PBXFileReference; lastKnownFileType = text.plist.xml; path = Info.plist; sourceTree = "<group>"; };
		EB22B0A91A6BD2E000FED987 /* AppDelegate.swift */ = {isa = PBXFileReference; lastKnownFileType = sourcecode.swift; path = AppDelegate.swift; sourceTree = "<group>"; };
		EB22B0AB1A6BD2E000FED987 /* ViewController.swift */ = {isa = PBXFileReference; lastKnownFileType = sourcecode.swift; path = ViewController.swift; sourceTree = "<group>"; };
		EB22B0AE1A6BD2E000FED987 /* Base */ = {isa = PBXFileReference; lastKnownFileType = file.storyboard; name = Base; path = Base.lproj/Main.storyboard; sourceTree = "<group>"; };
		EB22B0B01A6BD2E000FED987 /* Images.xcassets */ = {isa = PBXFileReference; lastKnownFileType = folder.assetcatalog; path = Images.xcassets; sourceTree = "<group>"; };
		EB22B0B31A6BD2E000FED987 /* Base */ = {isa = PBXFileReference; lastKnownFileType = file.xib; name = Base; path = Base.lproj/LaunchScreen.xib; sourceTree = "<group>"; };
		EB22B0B91A6BD2E000FED987 /* CatchTheSpeedTests.xctest */ = {isa = PBXFileReference; explicitFileType = wrapper.cfbundle; includeInIndex = 0; path = CatchTheSpeedTests.xctest; sourceTree = BUILT_PRODUCTS_DIR; };
		EB22B0BE1A6BD2E000FED987 /* Info.plist */ = {isa = PBXFileReference; lastKnownFileType = text.plist.xml; path = Info.plist; sourceTree = "<group>"; };
		EB22B0BF1A6BD2E000FED987 /* CatchTheSpeedTests.swift */ = {isa = PBXFileReference; lastKnownFileType = sourcecode.swift; path = CatchTheSpeedTests.swift; sourceTree = "<group>"; };
		EB22B0CD1A6C1D5500FED987 /* AcceleratorView.swift */ = {isa = PBXFileReference; fileEncoding = 4; lastKnownFileType = sourcecode.swift; path = AcceleratorView.swift; sourceTree = "<group>"; };
/* End PBXFileReference section */

/* Begin PBXFrameworksBuildPhase section */
		EB22B0A11A6BD2E000FED987 /* Frameworks */ = {
			isa = PBXFrameworksBuildPhase;
			buildActionMask = 2147483647;
			files = (
			);
			runOnlyForDeploymentPostprocessing = 0;
		};
		EB22B0B61A6BD2E000FED987 /* Frameworks */ = {
			isa = PBXFrameworksBuildPhase;
			buildActionMask = 2147483647;
			files = (
			);
			runOnlyForDeploymentPostprocessing = 0;
		};
/* End PBXFrameworksBuildPhase section */

/* Begin PBXGroup section */
		4D30E7DF1B346F6500C0EE33 /* utility */ = {
			isa = PBXGroup;
			children = (
				4D30E7E01B346F7800C0EE33 /* UtilityFunction.swift */,
			);
			name = utility;
			sourceTree = "<group>";
		};
		4D30E7E61B34A56B00C0EE33 /* fonts */ = {
			isa = PBXGroup;
			children = (
				4D30E7E91B34AAA500C0EE33 /* Blazed.ttf */,
				4D30E7E71B34A91C00C0EE33 /* Flame.ttf */,
				4D30E7E21B34A4E800C0EE33 /* budmo-jiggler.ttf */,
				4D30E7E31B34A4E800C0EE33 /* budmo-jigglish.ttf */,
			);
			name = fonts;
			sourceTree = "<group>";
		};
		4D30E7EF1B34F58B00C0EE33 /* SKTUtils */ = {
			isa = PBXGroup;
			children = (
				4D30E8081B34F5CD00C0EE33 /* CGFloat+Extensions.swift */,
				4D30E8091B34F5CD00C0EE33 /* CGPoint+Extensions.swift */,
				4D30E80A1B34F5CD00C0EE33 /* CGVector+Extensions.swift */,
				4D30E80B1B34F5CD00C0EE33 /* Int+Extensions.swift */,
				4D30E80C1B34F5CD00C0EE33 /* SKAction+Extensions.swift */,
				4D30E80D1B34F5CD00C0EE33 /* SKAction+SpecialEffects.swift */,
				4D30E80E1B34F5CD00C0EE33 /* SKColor+Extensions.swift */,
				4D30E80F1B34F5CD00C0EE33 /* SKNode+Extensions.swift */,
				4D30E8101B34F5CD00C0EE33 /* SKTAudio.swift */,
				4D30E8111B34F5CD00C0EE33 /* SKTEffects.swift */,
				4D30E8121B34F5CD00C0EE33 /* SKTTimingFunctions.swift */,
				4D30E8131B34F5CD00C0EE33 /* Vector3.swift */,
			);
			name = SKTUtils;
			sourceTree = "<group>";
		};
		4D8456011B13C437007269B8 /* resources */ = {
			isa = PBXGroup;
			children = (
				4D30E7E61B34A56B00C0EE33 /* fonts */,
				4DD120441B18C35200D4B299 /* ago5.png */,
				4DE7D57D1B18945A00A13773 /* ago4.png */,
				4D04820C1B18852800289B41 /* ago3.png */,
				4D8456021B13C49B007269B8 /* primaprova.png */,
			);
			name = resources;
			sourceTree = "<group>";
		};
		4D8456041B13D109007269B8 /* classes */ = {
			isa = PBXGroup;
			children = (
				4D30E7EF1B34F58B00C0EE33 /* SKTUtils */,
				4D30E7DF1B346F6500C0EE33 /* utility */,
				4D8456061B166296007269B8 /* spritekit */,
				EB22B0CD1A6C1D5500FED987 /* AcceleratorView.swift */,
				EB22B0AB1A6BD2E000FED987 /* ViewController.swift */,
				4DD1BC1E1AAE23850050B018 /* Speedo.swift */,
			);
			name = classes;
			sourceTree = "<group>";
		};
		4D8456061B166296007269B8 /* spritekit */ = {
			isa = PBXGroup;
			children = (
				4DD1BC1C1AAE23650050B018 /* Speedo.sks */,
				4D30E8201B355D7B00C0EE33 /* SmokeBrake.sks */,
				4D30E8211B355D7B00C0EE33 /* spark.png */,
			);
			name = spritekit;
			sourceTree = "<group>";
		};
		EB22B09B1A6BD2E000FED987 = {
			isa = PBXGroup;
			children = (
				EB22B0A61A6BD2E000FED987 /* CatchTheSpeed */,
				EB22B0BC1A6BD2E000FED987 /* CatchTheSpeedTests */,
				EB22B0A51A6BD2E000FED987 /* Products */,
			);
			sourceTree = "<group>";
		};
		EB22B0A51A6BD2E000FED987 /* Products */ = {
			isa = PBXGroup;
			children = (
				EB22B0A41A6BD2E000FED987 /* CatchTheSpeed.app */,
				EB22B0B91A6BD2E000FED987 /* CatchTheSpeedTests.xctest */,
			);
			name = Products;
			sourceTree = "<group>";
		};
		EB22B0A61A6BD2E000FED987 /* CatchTheSpeed */ = {
			isa = PBXGroup;
			children = (
				4D8456041B13D109007269B8 /* classes */,
				4D8456011B13C437007269B8 /* resources */,
				EB22B0A91A6BD2E000FED987 /* AppDelegate.swift */,
				EB22B0AD1A6BD2E000FED987 /* Main.storyboard */,
				EB22B0B01A6BD2E000FED987 /* Images.xcassets */,
				EB22B0B21A6BD2E000FED987 /* LaunchScreen.xib */,
				EB22B0A71A6BD2E000FED987 /* Supporting Files */,
			);
			path = CatchTheSpeed;
			sourceTree = "<group>";
		};
		EB22B0A71A6BD2E000FED987 /* Supporting Files */ = {
			isa = PBXGroup;
			children = (
				EB22B0A81A6BD2E000FED987 /* Info.plist */,
			);
			name = "Supporting Files";
			sourceTree = "<group>";
		};
		EB22B0BC1A6BD2E000FED987 /* CatchTheSpeedTests */ = {
			isa = PBXGroup;
			children = (
				EB22B0BF1A6BD2E000FED987 /* CatchTheSpeedTests.swift */,
				EB22B0BD1A6BD2E000FED987 /* Supporting Files */,
			);
			path = CatchTheSpeedTests;
			sourceTree = "<group>";
		};
		EB22B0BD1A6BD2E000FED987 /* Supporting Files */ = {
			isa = PBXGroup;
			children = (
				EB22B0BE1A6BD2E000FED987 /* Info.plist */,
			);
			name = "Supporting Files";
			sourceTree = "<group>";
		};
/* End PBXGroup section */

/* Begin PBXNativeTarget section */
		EB22B0A31A6BD2E000FED987 /* CatchTheSpeed */ = {
			isa = PBXNativeTarget;
			buildConfigurationList = EB22B0C31A6BD2E000FED987 /* Build configuration list for PBXNativeTarget "CatchTheSpeed" */;
			buildPhases = (
				EB22B0A01A6BD2E000FED987 /* Sources */,
				EB22B0A11A6BD2E000FED987 /* Frameworks */,
				EB22B0A21A6BD2E000FED987 /* Resources */,
			);
			buildRules = (
			);
			dependencies = (
			);
			name = CatchTheSpeed;
			productName = CatchTheSpeed;
			productReference = EB22B0A41A6BD2E000FED987 /* CatchTheSpeed.app */;
			productType = "com.apple.product-type.application";
		};
		EB22B0B81A6BD2E000FED987 /* CatchTheSpeedTests */ = {
			isa = PBXNativeTarget;
			buildConfigurationList = EB22B0C61A6BD2E000FED987 /* Build configuration list for PBXNativeTarget "CatchTheSpeedTests" */;
			buildPhases = (
				EB22B0B51A6BD2E000FED987 /* Sources */,
				EB22B0B61A6BD2E000FED987 /* Frameworks */,
				EB22B0B71A6BD2E000FED987 /* Resources */,
			);
			buildRules = (
			);
			dependencies = (
				EB22B0BB1A6BD2E000FED987 /* PBXTargetDependency */,
			);
			name = CatchTheSpeedTests;
			productName = CatchTheSpeedTests;
			productReference = EB22B0B91A6BD2E000FED987 /* CatchTheSpeedTests.xctest */;
			productType = "com.apple.product-type.bundle.unit-test";
		};
/* End PBXNativeTarget section */

/* Begin PBXProject section */
		EB22B09C1A6BD2E000FED987 /* Project object */ = {
			isa = PBXProject;
			attributes = {
				LastUpgradeCheck = 0610;
				ORGANIZATIONNAME = YeApp;
				TargetAttributes = {
					EB22B0A31A6BD2E000FED987 = {
						CreatedOnToolsVersion = 6.1;
					};
					EB22B0B81A6BD2E000FED987 = {
						CreatedOnToolsVersion = 6.1;
						TestTargetID = EB22B0A31A6BD2E000FED987;
					};
				};
			};
			buildConfigurationList = EB22B09F1A6BD2E000FED987 /* Build configuration list for PBXProject "CatchTheSpeed" */;
			compatibilityVersion = "Xcode 3.2";
			developmentRegion = English;
			hasScannedForEncodings = 0;
			knownRegions = (
				en,
				Base,
			);
			mainGroup = EB22B09B1A6BD2E000FED987;
			productRefGroup = EB22B0A51A6BD2E000FED987 /* Products */;
			projectDirPath = "";
			projectRoot = "";
			targets = (
				EB22B0A31A6BD2E000FED987 /* CatchTheSpeed */,
				EB22B0B81A6BD2E000FED987 /* CatchTheSpeedTests */,
			);
		};
/* End PBXProject section */

/* Begin PBXResourcesBuildPhase section */
		EB22B0A21A6BD2E000FED987 /* Resources */ = {
			isa = PBXResourcesBuildPhase;
			buildActionMask = 2147483647;
			files = (
				4D30E7EA1B34AAA500C0EE33 /* Blazed.ttf in Resources */,
				4D30E7E41B34A4E800C0EE33 /* budmo-jiggler.ttf in Resources */,
				EB22B0AF1A6BD2E000FED987 /* Main.storyboard in Resources */,
				4D30E8231B355D7B00C0EE33 /* spark.png in Resources */,
				4D30E7E81B34A91C00C0EE33 /* Flame.ttf in Resources */,
				4D8456031B13C49B007269B8 /* primaprova.png in Resources */,
				4DD1BC1D1AAE23650050B018 /* Speedo.sks in Resources */,
				EB22B0B41A6BD2E000FED987 /* LaunchScreen.xib in Resources */,
				EB22B0B11A6BD2E000FED987 /* Images.xcassets in Resources */,
				4DE7D57E1B18945A00A13773 /* ago4.png in Resources */,
				4D04820D1B18852800289B41 /* ago3.png in Resources */,
				4D30E8221B355D7B00C0EE33 /* SmokeBrake.sks in Resources */,
				4D30E7E51B34A4E800C0EE33 /* budmo-jigglish.ttf in Resources */,
				4DD120451B18C35200D4B299 /* ago5.png in Resources */,
			);
			runOnlyForDeploymentPostprocessing = 0;
		};
		EB22B0B71A6BD2E000FED987 /* Resources */ = {
			isa = PBXResourcesBuildPhase;
			buildActionMask = 2147483647;
			files = (
			);
			runOnlyForDeploymentPostprocessing = 0;
		};
/* End PBXResourcesBuildPhase section */

/* Begin PBXSourcesBuildPhase section */
		EB22B0A01A6BD2E000FED987 /* Sources */ = {
			isa = PBXSourcesBuildPhase;
			buildActionMask = 2147483647;
			files = (
				4D30E7E11B346F7800C0EE33 /* UtilityFunction.swift in Sources */,
				4D30E81E1B34F5CD00C0EE33 /* SKTTimingFunctions.swift in Sources */,
				EB22B0CE1A6C1D5500FED987 /* AcceleratorView.swift in Sources */,
				4D30E8161B34F5CD00C0EE33 /* CGVector+Extensions.swift in Sources */,
				4D30E8151B34F5CD00C0EE33 /* CGPoint+Extensions.swift in Sources */,
				4D30E8141B34F5CD00C0EE33 /* CGFloat+Extensions.swift in Sources */,
				EB22B0AC1A6BD2E000FED987 /* ViewController.swift in Sources */,
				4D30E81C1B34F5CD00C0EE33 /* SKTAudio.swift in Sources */,
				EB22B0AA1A6BD2E000FED987 /* AppDelegate.swift in Sources */,
				4D30E81B1B34F5CD00C0EE33 /* SKNode+Extensions.swift in Sources */,
				4D30E8181B34F5CD00C0EE33 /* SKAction+Extensions.swift in Sources */,
				4D30E8191B34F5CD00C0EE33 /* SKAction+SpecialEffects.swift in Sources */,
				4DD1BC1F1AAE23850050B018 /* Speedo.swift in Sources */,
				4D30E81D1B34F5CD00C0EE33 /* SKTEffects.swift in Sources */,
				4D30E8171B34F5CD00C0EE33 /* Int+Extensions.swift in Sources */,
				4D30E81F1B34F5CD00C0EE33 /* Vector3.swift in Sources */,
				4D30E81A1B34F5CD00C0EE33 /* SKColor+Extensions.swift in Sources */,
			);
			runOnlyForDeploymentPostprocessing = 0;
		};
		EB22B0B51A6BD2E000FED987 /* Sources */ = {
			isa = PBXSourcesBuildPhase;
			buildActionMask = 2147483647;
			files = (
				EB22B0C01A6BD2E000FED987 /* CatchTheSpeedTests.swift in Sources */,
			);
			runOnlyForDeploymentPostprocessing = 0;
		};
/* End PBXSourcesBuildPhase section */

/* Begin PBXTargetDependency section */
		EB22B0BB1A6BD2E000FED987 /* PBXTargetDependency */ = {
			isa = PBXTargetDependency;
			target = EB22B0A31A6BD2E000FED987 /* CatchTheSpeed */;
			targetProxy = EB22B0BA1A6BD2E000FED987 /* PBXContainerItemProxy */;
		};
/* End PBXTargetDependency section */

/* Begin PBXVariantGroup section */
		EB22B0AD1A6BD2E000FED987 /* Main.storyboard */ = {
			isa = PBXVariantGroup;
			children = (
				EB22B0AE1A6BD2E000FED987 /* Base */,
			);
			name = Main.storyboard;
			sourceTree = "<group>";
		};
		EB22B0B21A6BD2E000FED987 /* LaunchScreen.xib */ = {
			isa = PBXVariantGroup;
			children = (
				EB22B0B31A6BD2E000FED987 /* Base */,
			);
			name = LaunchScreen.xib;
			sourceTree = "<group>";
		};
/* End PBXVariantGroup section */

/* Begin XCBuildConfiguration section */
		EB22B0C11A6BD2E000FED987 /* Debug */ = {
			isa = XCBuildConfiguration;
			buildSettings = {
				ALWAYS_SEARCH_USER_PATHS = NO;
				CLANG_CXX_LANGUAGE_STANDARD = "gnu++0x";
				CLANG_CXX_LIBRARY = "libc++";
				CLANG_ENABLE_MODULES = YES;
				CLANG_ENABLE_OBJC_ARC = YES;
				CLANG_WARN_BOOL_CONVERSION = YES;
				CLANG_WARN_CONSTANT_CONVERSION = YES;
				CLANG_WARN_DIRECT_OBJC_ISA_USAGE = YES_ERROR;
				CLANG_WARN_EMPTY_BODY = YES;
				CLANG_WARN_ENUM_CONVERSION = YES;
				CLANG_WARN_INT_CONVERSION = YES;
				CLANG_WARN_OBJC_ROOT_CLASS = YES_ERROR;
				CLANG_WARN_UNREACHABLE_CODE = YES;
				CLANG_WARN__DUPLICATE_METHOD_MATCH = YES;
				"CODE_SIGN_IDENTITY[sdk=iphoneos*]" = "iPhone Developer";
				COPY_PHASE_STRIP = NO;
				ENABLE_STRICT_OBJC_MSGSEND = YES;
				GCC_C_LANGUAGE_STANDARD = gnu99;
				GCC_DYNAMIC_NO_PIC = NO;
				GCC_OPTIMIZATION_LEVEL = 0;
				GCC_PREPROCESSOR_DEFINITIONS = (
					"DEBUG=1",
					"$(inherited)",
				);
				GCC_SYMBOLS_PRIVATE_EXTERN = NO;
				GCC_WARN_64_TO_32_BIT_CONVERSION = YES;
				GCC_WARN_ABOUT_RETURN_TYPE = YES_ERROR;
				GCC_WARN_UNDECLARED_SELECTOR = YES;
				GCC_WARN_UNINITIALIZED_AUTOS = YES_AGGRESSIVE;
				GCC_WARN_UNUSED_FUNCTION = YES;
				GCC_WARN_UNUSED_VARIABLE = YES;
				IPHONEOS_DEPLOYMENT_TARGET = 8.1;
				MTL_ENABLE_DEBUG_INFO = YES;
				ONLY_ACTIVE_ARCH = YES;
				SDKROOT = iphoneos;
				SWIFT_OPTIMIZATION_LEVEL = "-Onone";
			};
			name = Debug;
		};
		EB22B0C21A6BD2E000FED987 /* Release */ = {
			isa = XCBuildConfiguration;
			buildSettings = {
				ALWAYS_SEARCH_USER_PATHS = NO;
				CLANG_CXX_LANGUAGE_STANDARD = "gnu++0x";
				CLANG_CXX_LIBRARY = "libc++";
				CLANG_ENABLE_MODULES = YES;
				CLANG_ENABLE_OBJC_ARC = YES;
				CLANG_WARN_BOOL_CONVERSION = YES;
				CLANG_WARN_CONSTANT_CONVERSION = YES;
				CLANG_WARN_DIRECT_OBJC_ISA_USAGE = YES_ERROR;
				CLANG_WARN_EMPTY_BODY = YES;
				CLANG_WARN_ENUM_CONVERSION = YES;
				CLANG_WARN_INT_CONVERSION = YES;
				CLANG_WARN_OBJC_ROOT_CLASS = YES_ERROR;
				CLANG_WARN_UNREACHABLE_CODE = YES;
				CLANG_WARN__DUPLICATE_METHOD_MATCH = YES;
				"CODE_SIGN_IDENTITY[sdk=iphoneos*]" = "iPhone Developer";
				COPY_PHASE_STRIP = YES;
				ENABLE_NS_ASSERTIONS = NO;
				ENABLE_STRICT_OBJC_MSGSEND = YES;
				GCC_C_LANGUAGE_STANDARD = gnu99;
				GCC_WARN_64_TO_32_BIT_CONVERSION = YES;
				GCC_WARN_ABOUT_RETURN_TYPE = YES_ERROR;
				GCC_WARN_UNDECLARED_SELECTOR = YES;
				GCC_WARN_UNINITIALIZED_AUTOS = YES_AGGRESSIVE;
				GCC_WARN_UNUSED_FUNCTION = YES;
				GCC_WARN_UNUSED_VARIABLE = YES;
				IPHONEOS_DEPLOYMENT_TARGET = 8.1;
				MTL_ENABLE_DEBUG_INFO = NO;
				SDKROOT = iphoneos;
				VALIDATE_PRODUCT = YES;
			};
			name = Release;
		};
		EB22B0C41A6BD2E000FED987 /* Debug */ = {
			isa = XCBuildConfiguration;
			buildSettings = {
				ASSETCATALOG_COMPILER_APPICON_NAME = AppIcon;
				INFOPLIST_FILE = CatchTheSpeed/Info.plist;
				LD_RUNPATH_SEARCH_PATHS = "$(inherited) @executable_path/Frameworks";
				PRODUCT_NAME = "$(TARGET_NAME)";
			};
			name = Debug;
		};
		EB22B0C51A6BD2E000FED987 /* Release */ = {
			isa = XCBuildConfiguration;
			buildSettings = {
				ASSETCATALOG_COMPILER_APPICON_NAME = AppIcon;
				INFOPLIST_FILE = CatchTheSpeed/Info.plist;
				LD_RUNPATH_SEARCH_PATHS = "$(inherited) @executable_path/Frameworks";
				PRODUCT_NAME = "$(TARGET_NAME)";
			};
			name = Release;
		};
		EB22B0C71A6BD2E000FED987 /* Debug */ = {
			isa = XCBuildConfiguration;
			buildSettings = {
				BUNDLE_LOADER = "$(TEST_HOST)";
				FRAMEWORK_SEARCH_PATHS = (
					"$(SDKROOT)/Developer/Library/Frameworks",
					"$(inherited)",
				);
				GCC_PREPROCESSOR_DEFINITIONS = (
					"DEBUG=1",
					"$(inherited)",
				);
				INFOPLIST_FILE = CatchTheSpeedTests/Info.plist;
				LD_RUNPATH_SEARCH_PATHS = "$(inherited) @executable_path/Frameworks @loader_path/Frameworks";
				PRODUCT_NAME = "$(TARGET_NAME)";
				TEST_HOST = "$(BUILT_PRODUCTS_DIR)/CatchTheSpeed.app/CatchTheSpeed";
			};
			name = Debug;
		};
		EB22B0C81A6BD2E000FED987 /* Release */ = {
			isa = XCBuildConfiguration;
			buildSettings = {
				BUNDLE_LOADER = "$(TEST_HOST)";
				FRAMEWORK_SEARCH_PATHS = (
					"$(SDKROOT)/Developer/Library/Frameworks",
					"$(inherited)",
				);
				INFOPLIST_FILE = CatchTheSpeedTests/Info.plist;
				LD_RUNPATH_SEARCH_PATHS = "$(inherited) @executable_path/Frameworks @loader_path/Frameworks";
				PRODUCT_NAME = "$(TARGET_NAME)";
				TEST_HOST = "$(BUILT_PRODUCTS_DIR)/CatchTheSpeed.app/CatchTheSpeed";
			};
			name = Release;
		};
/* End XCBuildConfiguration section */

/* Begin XCConfigurationList section */
		EB22B09F1A6BD2E000FED987 /* Build configuration list for PBXProject "CatchTheSpeed" */ = {
			isa = XCConfigurationList;
			buildConfigurations = (
				EB22B0C11A6BD2E000FED987 /* Debug */,
				EB22B0C21A6BD2E000FED987 /* Release */,
			);
			defaultConfigurationIsVisible = 0;
			defaultConfigurationName = Release;
		};
		EB22B0C31A6BD2E000FED987 /* Build configuration list for PBXNativeTarget "CatchTheSpeed" */ = {
			isa = XCConfigurationList;
			buildConfigurations = (
				EB22B0C41A6BD2E000FED987 /* Debug */,
				EB22B0C51A6BD2E000FED987 /* Release */,
			);
			defaultConfigurationIsVisible = 0;
			defaultConfigurationName = Release;
		};
		EB22B0C61A6BD2E000FED987 /* Build configuration list for PBXNativeTarget "CatchTheSpeedTests" */ = {
			isa = XCConfigurationList;
			buildConfigurations = (
				EB22B0C71A6BD2E000FED987 /* Debug */,
				EB22B0C81A6BD2E000FED987 /* Release */,
			);
			defaultConfigurationIsVisible = 0;
			defaultConfigurationName = Release;
		};
/* End XCConfigurationList section */
	};
	rootObject = EB22B09C1A6BD2E000FED987 /* Project object */;
}
